// !$*UTF8*$!
{
	archiveVersion = 1;
	classes = {
	};
	objectVersion = 56;
	objects = {

/* Begin PBXBuildFile section */
		EC0490532B256B9C007906CC /* SystemConfiguration.framework in Frameworks */ = {isa = PBXBuildFile; fileRef = EC5DD7522B183ACB004D19FE /* SystemConfiguration.framework */; };
		EC0490542B256B9C007906CC /* Security.framework in Frameworks */ = {isa = PBXBuildFile; fileRef = EC5DD7542B183B5E004D19FE /* Security.framework */; };
		EC0490552B256B9C007906CC /* CoreFoundation.framework in Frameworks */ = {isa = PBXBuildFile; fileRef = EC5DD7502B183A8D004D19FE /* CoreFoundation.framework */; };
		EC04905B2B256BD7007906CC /* libcpr.a in Frameworks */ = {isa = PBXBuildFile; fileRef = EC048FF72B256B40007906CC /* libcpr.a */; };
		EC04905C2B256BD7007906CC /* libcurl.a in Frameworks */ = {isa = PBXBuildFile; fileRef = EC048FF62B256B40007906CC /* libcurl.a */; };
		EC04905D2B256BD7007906CC /* libz.a in Frameworks */ = {isa = PBXBuildFile; fileRef = EC048FF52B256B40007906CC /* libz.a */; };
		EC04905E2B256E86007906CC /* libcpr.a in Frameworks */ = {isa = PBXBuildFile; fileRef = EC048FFF2B256B40007906CC /* libcpr.a */; };
		EC04905F2B256E86007906CC /* libcurl-d.a in Frameworks */ = {isa = PBXBuildFile; fileRef = EC048FFE2B256B40007906CC /* libcurl-d.a */; };
		EC0490602B256E86007906CC /* libz.a in Frameworks */ = {isa = PBXBuildFile; fileRef = EC048FFD2B256B40007906CC /* libz.a */; };
		EC5DD7512B183A8D004D19FE /* CoreFoundation.framework in Frameworks */ = {isa = PBXBuildFile; fileRef = EC5DD7502B183A8D004D19FE /* CoreFoundation.framework */; };
		EC5DD7532B183ACB004D19FE /* SystemConfiguration.framework in Frameworks */ = {isa = PBXBuildFile; fileRef = EC5DD7522B183ACB004D19FE /* SystemConfiguration.framework */; };
		EC5DD7552B183B5E004D19FE /* Security.framework in Frameworks */ = {isa = PBXBuildFile; fileRef = EC5DD7542B183B5E004D19FE /* Security.framework */; };
		ECE9C1F02B2A14E80015C1E4 /* main.cpp in Sources */ = {isa = PBXBuildFile; fileRef = ECE9C1EB2B2A0FC80015C1E4 /* main.cpp */; };
		ECE9C1F12B2A14E80015C1E4 /* string-formatter.cpp in Sources */ = {isa = PBXBuildFile; fileRef = ECE9C1EE2B2A0FC80015C1E4 /* string-formatter.cpp */; };
		ECE9C1F22B2A14E80015C1E4 /* api-service.cpp in Sources */ = {isa = PBXBuildFile; fileRef = ECE9C1EF2B2A0FC80015C1E4 /* api-service.cpp */; };
		ECE9C1F32B2A14F40015C1E4 /* main.cpp in Sources */ = {isa = PBXBuildFile; fileRef = ECE9C1EB2B2A0FC80015C1E4 /* main.cpp */; };
		ECE9C1F42B2A14F40015C1E4 /* string-formatter.cpp in Sources */ = {isa = PBXBuildFile; fileRef = ECE9C1EE2B2A0FC80015C1E4 /* string-formatter.cpp */; };
		ECE9C1F52B2A14F40015C1E4 /* api-service.cpp in Sources */ = {isa = PBXBuildFile; fileRef = ECE9C1EF2B2A0FC80015C1E4 /* api-service.cpp */; };
		ECE9C1F62B2A15030015C1E4 /* api-service.h in Sources */ = {isa = PBXBuildFile; fileRef = ECE9C1492B2A0FC80015C1E4 /* api-service.h */; };
		ECE9C1F72B2A15030015C1E4 /* string-formatter.h in Sources */ = {isa = PBXBuildFile; fileRef = ECE9C14A2B2A0FC80015C1E4 /* string-formatter.h */; };
		ECE9C1F82B2A150C0015C1E4 /* api-service.h in Sources */ = {isa = PBXBuildFile; fileRef = ECE9C1492B2A0FC80015C1E4 /* api-service.h */; };
		ECE9C1F92B2A150C0015C1E4 /* string-formatter.h in Sources */ = {isa = PBXBuildFile; fileRef = ECE9C14A2B2A0FC80015C1E4 /* string-formatter.h */; };
/* End PBXBuildFile section */

/* Begin PBXCopyFilesBuildPhase section */
		EC0490562B256B9C007906CC /* CopyFiles */ = {
			isa = PBXCopyFilesBuildPhase;
			buildActionMask = 2147483647;
			dstPath = /usr/share/man/man1/;
			dstSubfolderSpec = 0;
			files = (
			);
			runOnlyForDeploymentPostprocessing = 1;
		};
		EC39A9492B028E0400DDFFE1 /* CopyFiles */ = {
			isa = PBXCopyFilesBuildPhase;
			buildActionMask = 2147483647;
			dstPath = /usr/share/man/man1/;
			dstSubfolderSpec = 0;
			files = (
			);
			runOnlyForDeploymentPostprocessing = 1;
		};
/* End PBXCopyFilesBuildPhase section */

/* Begin PBXFileReference section */
		EC048FA42B2567B1007906CC /* .gitignore */ = {isa = PBXFileReference; lastKnownFileType = text; path = .gitignore; sourceTree = "<group>"; };
		EC048FAA2B256B40007906CC /* curl-config */ = {isa = PBXFileReference; lastKnownFileType = text.script.sh; path = "curl-config"; sourceTree = "<group>"; };
		EC048FAD2B256B40007906CC /* curl-config */ = {isa = PBXFileReference; lastKnownFileType = text.script.sh; path = "curl-config"; sourceTree = "<group>"; };
		EC048FB02B256B40007906CC /* filesystem.h */ = {isa = PBXFileReference; lastKnownFileType = sourcecode.c.h; path = filesystem.h; sourceTree = "<group>"; };
		EC048FB12B256B40007906CC /* error.h */ = {isa = PBXFileReference; lastKnownFileType = sourcecode.c.h; path = error.h; sourceTree = "<group>"; };
		EC048FB22B256B40007906CC /* local_port_range.h */ = {isa = PBXFileReference; lastKnownFileType = sourcecode.c.h; path = local_port_range.h; sourceTree = "<group>"; };
		EC048FB32B256B40007906CC /* range.h */ = {isa = PBXFileReference; lastKnownFileType = sourcecode.c.h; path = range.h; sourceTree = "<group>"; };
		EC048FB42B256B40007906CC /* response.h */ = {isa = PBXFileReference; lastKnownFileType = sourcecode.c.h; path = response.h; sourceTree = "<group>"; };
		EC048FB52B256B40007906CC /* cert_info.h */ = {isa = PBXFileReference; lastKnownFileType = sourcecode.c.h; path = cert_info.h; sourceTree = "<group>"; };
		EC048FB62B256B40007906CC /* cprtypes.h */ = {isa = PBXFileReference; lastKnownFileType = sourcecode.c.h; path = cprtypes.h; sourceTree = "<group>"; };
		EC048FB72B256B40007906CC /* interceptor.h */ = {isa = PBXFileReference; lastKnownFileType = sourcecode.c.h; path = interceptor.h; sourceTree = "<group>"; };
		EC048FB82B256B40007906CC /* connect_timeout.h */ = {isa = PBXFileReference; lastKnownFileType = sourcecode.c.h; path = connect_timeout.h; sourceTree = "<group>"; };
		EC048FB92B256B40007906CC /* threadpool.h */ = {isa = PBXFileReference; lastKnownFileType = sourcecode.c.h; path = threadpool.h; sourceTree = "<group>"; };
		EC048FBA2B256B40007906CC /* status_codes.h */ = {isa = PBXFileReference; lastKnownFileType = sourcecode.c.h; path = status_codes.h; sourceTree = "<group>"; };
		EC048FBB2B256B40007906CC /* singleton.h */ = {isa = PBXFileReference; lastKnownFileType = sourcecode.c.h; path = singleton.h; sourceTree = "<group>"; };
		EC048FBC2B256B40007906CC /* redirect.h */ = {isa = PBXFileReference; lastKnownFileType = sourcecode.c.h; path = redirect.h; sourceTree = "<group>"; };
		EC048FBD2B256B40007906CC /* local_port.h */ = {isa = PBXFileReference; lastKnownFileType = sourcecode.c.h; path = local_port.h; sourceTree = "<group>"; };
		EC048FBE2B256B40007906CC /* http_version.h */ = {isa = PBXFileReference; lastKnownFileType = sourcecode.c.h; path = http_version.h; sourceTree = "<group>"; };
		EC048FBF2B256B40007906CC /* body.h */ = {isa = PBXFileReference; lastKnownFileType = sourcecode.c.h; path = body.h; sourceTree = "<group>"; };
		EC048FC02B256B40007906CC /* curlmultiholder.h */ = {isa = PBXFileReference; lastKnownFileType = sourcecode.c.h; path = curlmultiholder.h; sourceTree = "<group>"; };
		EC048FC12B256B40007906CC /* verbose.h */ = {isa = PBXFileReference; lastKnownFileType = sourcecode.c.h; path = verbose.h; sourceTree = "<group>"; };
		EC048FC22B256B40007906CC /* payload.h */ = {isa = PBXFileReference; lastKnownFileType = sourcecode.c.h; path = payload.h; sourceTree = "<group>"; };
		EC048FC32B256B40007906CC /* multiperform.h */ = {isa = PBXFileReference; lastKnownFileType = sourcecode.c.h; path = multiperform.h; sourceTree = "<group>"; };
		EC048FC42B256B40007906CC /* file.h */ = {isa = PBXFileReference; lastKnownFileType = sourcecode.c.h; path = file.h; sourceTree = "<group>"; };
		EC048FC52B256B40007906CC /* ssl_options.h */ = {isa = PBXFileReference; lastKnownFileType = sourcecode.c.h; path = ssl_options.h; sourceTree = "<group>"; };
		EC048FC62B256B40007906CC /* cprver.h */ = {isa = PBXFileReference; lastKnownFileType = sourcecode.c.h; path = cprver.h; sourceTree = "<group>"; };
		EC048FC72B256B40007906CC /* limit_rate.h */ = {isa = PBXFileReference; lastKnownFileType = sourcecode.c.h; path = limit_rate.h; sourceTree = "<group>"; };
		EC048FC82B256B40007906CC /* ssl_ctx.h */ = {isa = PBXFileReference; lastKnownFileType = sourcecode.c.h; path = ssl_ctx.h; sourceTree = "<group>"; };
		EC048FC92B256B40007906CC /* bearer.h */ = {isa = PBXFileReference; lastKnownFileType = sourcecode.c.h; path = bearer.h; sourceTree = "<group>"; };
		EC048FCA2B256B40007906CC /* interface.h */ = {isa = PBXFileReference; lastKnownFileType = sourcecode.c.h; path = interface.h; sourceTree = "<group>"; };
		EC048FCB2B256B40007906CC /* api.h */ = {isa = PBXFileReference; lastKnownFileType = sourcecode.c.h; path = api.h; sourceTree = "<group>"; };
		EC048FCC2B256B40007906CC /* async.h */ = {isa = PBXFileReference; lastKnownFileType = sourcecode.c.h; path = async.h; sourceTree = "<group>"; };
		EC048FCD2B256B40007906CC /* buffer.h */ = {isa = PBXFileReference; lastKnownFileType = sourcecode.c.h; path = buffer.h; sourceTree = "<group>"; };
		EC048FCE2B256B40007906CC /* session.h */ = {isa = PBXFileReference; lastKnownFileType = sourcecode.c.h; path = session.h; sourceTree = "<group>"; };
		EC048FCF2B256B40007906CC /* parameters.h */ = {isa = PBXFileReference; lastKnownFileType = sourcecode.c.h; path = parameters.h; sourceTree = "<group>"; };
		EC048FD02B256B40007906CC /* curl_container.h */ = {isa = PBXFileReference; lastKnownFileType = sourcecode.c.h; path = curl_container.h; sourceTree = "<group>"; };
		EC048FD12B256B40007906CC /* util.h */ = {isa = PBXFileReference; lastKnownFileType = sourcecode.c.h; path = util.h; sourceTree = "<group>"; };
		EC048FD22B256B40007906CC /* curlholder.h */ = {isa = PBXFileReference; lastKnownFileType = sourcecode.c.h; path = curlholder.h; sourceTree = "<group>"; };
		EC048FD32B256B40007906CC /* auth.h */ = {isa = PBXFileReference; lastKnownFileType = sourcecode.c.h; path = auth.h; sourceTree = "<group>"; };
		EC048FD42B256B40007906CC /* proxies.h */ = {isa = PBXFileReference; lastKnownFileType = sourcecode.c.h; path = proxies.h; sourceTree = "<group>"; };
		EC048FD52B256B40007906CC /* cookies.h */ = {isa = PBXFileReference; lastKnownFileType = sourcecode.c.h; path = cookies.h; sourceTree = "<group>"; };
		EC048FD62B256B40007906CC /* resolve.h */ = {isa = PBXFileReference; lastKnownFileType = sourcecode.c.h; path = resolve.h; sourceTree = "<group>"; };
		EC048FD72B256B40007906CC /* reserve_size.h */ = {isa = PBXFileReference; lastKnownFileType = sourcecode.c.h; path = reserve_size.h; sourceTree = "<group>"; };
		EC048FD82B256B40007906CC /* multipart.h */ = {isa = PBXFileReference; lastKnownFileType = sourcecode.c.h; path = multipart.h; sourceTree = "<group>"; };
		EC048FD92B256B40007906CC /* timeout.h */ = {isa = PBXFileReference; lastKnownFileType = sourcecode.c.h; path = timeout.h; sourceTree = "<group>"; };
		EC048FDA2B256B40007906CC /* callback.h */ = {isa = PBXFileReference; lastKnownFileType = sourcecode.c.h; path = callback.h; sourceTree = "<group>"; };
		EC048FDB2B256B40007906CC /* low_speed.h */ = {isa = PBXFileReference; lastKnownFileType = sourcecode.c.h; path = low_speed.h; sourceTree = "<group>"; };
		EC048FDC2B256B40007906CC /* proxyauth.h */ = {isa = PBXFileReference; lastKnownFileType = sourcecode.c.h; path = proxyauth.h; sourceTree = "<group>"; };
		EC048FDD2B256B40007906CC /* accept_encoding.h */ = {isa = PBXFileReference; lastKnownFileType = sourcecode.c.h; path = accept_encoding.h; sourceTree = "<group>"; };
		EC048FDE2B256B40007906CC /* async_wrapper.h */ = {isa = PBXFileReference; lastKnownFileType = sourcecode.c.h; path = async_wrapper.h; sourceTree = "<group>"; };
		EC048FDF2B256B40007906CC /* unix_socket.h */ = {isa = PBXFileReference; lastKnownFileType = sourcecode.c.h; path = unix_socket.h; sourceTree = "<group>"; };
		EC048FE02B256B40007906CC /* user_agent.h */ = {isa = PBXFileReference; lastKnownFileType = sourcecode.c.h; path = user_agent.h; sourceTree = "<group>"; };
		EC048FE12B256B40007906CC /* cpr.h */ = {isa = PBXFileReference; lastKnownFileType = sourcecode.c.h; path = cpr.h; sourceTree = "<group>"; };
		EC048FE32B256B40007906CC /* stdcheaders.h */ = {isa = PBXFileReference; lastKnownFileType = sourcecode.c.h; path = stdcheaders.h; sourceTree = "<group>"; };
		EC048FE42B256B40007906CC /* header.h */ = {isa = PBXFileReference; lastKnownFileType = sourcecode.c.h; path = header.h; sourceTree = "<group>"; };
		EC048FE52B256B40007906CC /* options.h */ = {isa = PBXFileReference; lastKnownFileType = sourcecode.c.h; path = options.h; sourceTree = "<group>"; };
		EC048FE62B256B40007906CC /* mprintf.h */ = {isa = PBXFileReference; lastKnownFileType = sourcecode.c.h; path = mprintf.h; sourceTree = "<group>"; };
		EC048FE72B256B40007906CC /* easy.h */ = {isa = PBXFileReference; lastKnownFileType = sourcecode.c.h; path = easy.h; sourceTree = "<group>"; };
		EC048FE82B256B40007906CC /* curl.h */ = {isa = PBXFileReference; lastKnownFileType = sourcecode.c.h; path = curl.h; sourceTree = "<group>"; };
		EC048FE92B256B40007906CC /* websockets.h */ = {isa = PBXFileReference; lastKnownFileType = sourcecode.c.h; path = websockets.h; sourceTree = "<group>"; };
		EC048FEA2B256B40007906CC /* curlver.h */ = {isa = PBXFileReference; lastKnownFileType = sourcecode.c.h; path = curlver.h; sourceTree = "<group>"; };
		EC048FEB2B256B40007906CC /* system.h */ = {isa = PBXFileReference; lastKnownFileType = sourcecode.c.h; path = system.h; sourceTree = "<group>"; };
		EC048FEC2B256B40007906CC /* typecheck-gcc.h */ = {isa = PBXFileReference; lastKnownFileType = sourcecode.c.h; path = "typecheck-gcc.h"; sourceTree = "<group>"; };
		EC048FED2B256B40007906CC /* multi.h */ = {isa = PBXFileReference; lastKnownFileType = sourcecode.c.h; path = multi.h; sourceTree = "<group>"; };
		EC048FEE2B256B40007906CC /* urlapi.h */ = {isa = PBXFileReference; lastKnownFileType = sourcecode.c.h; path = urlapi.h; sourceTree = "<group>"; };
		EC048FEF2B256B40007906CC /* zlib.h */ = {isa = PBXFileReference; lastKnownFileType = sourcecode.c.h; path = zlib.h; sourceTree = "<group>"; };
		EC048FF02B256B40007906CC /* zconf.h */ = {isa = PBXFileReference; lastKnownFileType = sourcecode.c.h; path = zconf.h; sourceTree = "<group>"; };
		EC048FF32B256B40007906CC /* libcurl.pc */ = {isa = PBXFileReference; lastKnownFileType = text; path = libcurl.pc; sourceTree = "<group>"; };
		EC048FF42B256B40007906CC /* zlib.pc */ = {isa = PBXFileReference; lastKnownFileType = text; path = zlib.pc; sourceTree = "<group>"; };
		EC048FF52B256B40007906CC /* libz.a */ = {isa = PBXFileReference; lastKnownFileType = archive.ar; path = libz.a; sourceTree = "<group>"; };
		EC048FF62B256B40007906CC /* libcurl.a */ = {isa = PBXFileReference; lastKnownFileType = archive.ar; path = libcurl.a; sourceTree = "<group>"; };
		EC048FF72B256B40007906CC /* libcpr.a */ = {isa = PBXFileReference; lastKnownFileType = archive.ar; path = libcpr.a; sourceTree = "<group>"; };
		EC048FFB2B256B40007906CC /* libcurl.pc */ = {isa = PBXFileReference; lastKnownFileType = text; path = libcurl.pc; sourceTree = "<group>"; };
		EC048FFC2B256B40007906CC /* zlib.pc */ = {isa = PBXFileReference; lastKnownFileType = text; path = zlib.pc; sourceTree = "<group>"; };
		EC048FFD2B256B40007906CC /* libz.a */ = {isa = PBXFileReference; lastKnownFileType = archive.ar; path = libz.a; sourceTree = "<group>"; };
		EC048FFE2B256B40007906CC /* libcurl-d.a */ = {isa = PBXFileReference; lastKnownFileType = archive.ar; path = "libcurl-d.a"; sourceTree = "<group>"; };
		EC048FFF2B256B40007906CC /* libcpr.a */ = {isa = PBXFileReference; lastKnownFileType = archive.ar; path = libcpr.a; sourceTree = "<group>"; };
		EC0490022B256B40007906CC /* cprTargets.cmake */ = {isa = PBXFileReference; lastKnownFileType = text; path = cprTargets.cmake; sourceTree = "<group>"; };
		EC0490032B256B40007906CC /* vcpkg.spdx.json */ = {isa = PBXFileReference; lastKnownFileType = text.json; path = vcpkg.spdx.json; sourceTree = "<group>"; };
		EC0490042B256B40007906CC /* cprTargets-release.cmake */ = {isa = PBXFileReference; lastKnownFileType = text; path = "cprTargets-release.cmake"; sourceTree = "<group>"; };
		EC0490052B256B40007906CC /* cprConfigVersion.cmake */ = {isa = PBXFileReference; lastKnownFileType = text; path = cprConfigVersion.cmake; sourceTree = "<group>"; };
		EC0490062B256B40007906CC /* cprConfig.cmake */ = {isa = PBXFileReference; lastKnownFileType = text; path = cprConfig.cmake; sourceTree = "<group>"; };
		EC0490072B256B40007906CC /* vcpkg_abi_info.txt */ = {isa = PBXFileReference; lastKnownFileType = text; path = vcpkg_abi_info.txt; sourceTree = "<group>"; };
		EC0490082B256B40007906CC /* copyright */ = {isa = PBXFileReference; lastKnownFileType = text; path = copyright; sourceTree = "<group>"; };
		EC0490092B256B40007906CC /* cprTargets-debug.cmake */ = {isa = PBXFileReference; lastKnownFileType = text; path = "cprTargets-debug.cmake"; sourceTree = "<group>"; };
		EC04900B2B256B40007906CC /* vcpkg.spdx.json */ = {isa = PBXFileReference; lastKnownFileType = text.json; path = vcpkg.spdx.json; sourceTree = "<group>"; };
		EC04900C2B256B40007906CC /* vcpkg_abi_info.txt */ = {isa = PBXFileReference; lastKnownFileType = text; path = vcpkg_abi_info.txt; sourceTree = "<group>"; };
		EC04900D2B256B40007906CC /* copyright */ = {isa = PBXFileReference; lastKnownFileType = text; path = copyright; sourceTree = "<group>"; };
		EC04900E2B256B40007906CC /* vcpkg_cmake_config_fixup.cmake */ = {isa = PBXFileReference; lastKnownFileType = text; path = vcpkg_cmake_config_fixup.cmake; sourceTree = "<group>"; };
		EC04900F2B256B40007906CC /* vcpkg-port-config.cmake */ = {isa = PBXFileReference; lastKnownFileType = text; path = "vcpkg-port-config.cmake"; sourceTree = "<group>"; };
		EC0490112B256B40007906CC /* vcpkg_cmake_install.cmake */ = {isa = PBXFileReference; lastKnownFileType = text; path = vcpkg_cmake_install.cmake; sourceTree = "<group>"; };
		EC0490122B256B40007906CC /* vcpkg.spdx.json */ = {isa = PBXFileReference; lastKnownFileType = text.json; path = vcpkg.spdx.json; sourceTree = "<group>"; };
		EC0490132B256B40007906CC /* vcpkg_cmake_build.cmake */ = {isa = PBXFileReference; lastKnownFileType = text; path = vcpkg_cmake_build.cmake; sourceTree = "<group>"; };
		EC0490142B256B40007906CC /* vcpkg_abi_info.txt */ = {isa = PBXFileReference; lastKnownFileType = text; path = vcpkg_abi_info.txt; sourceTree = "<group>"; };
		EC0490152B256B40007906CC /* vcpkg_cmake_configure.cmake */ = {isa = PBXFileReference; lastKnownFileType = text; path = vcpkg_cmake_configure.cmake; sourceTree = "<group>"; };
		EC0490162B256B40007906CC /* copyright */ = {isa = PBXFileReference; lastKnownFileType = text; path = copyright; sourceTree = "<group>"; };
		EC0490172B256B40007906CC /* vcpkg-port-config.cmake */ = {isa = PBXFileReference; lastKnownFileType = text; path = "vcpkg-port-config.cmake"; sourceTree = "<group>"; };
		EC0490192B256B40007906CC /* vcpkg.spdx.json */ = {isa = PBXFileReference; lastKnownFileType = text.json; path = vcpkg.spdx.json; sourceTree = "<group>"; };
		EC04901A2B256B40007906CC /* usage */ = {isa = PBXFileReference; lastKnownFileType = text; path = usage; sourceTree = "<group>"; };
		EC04901B2B256B40007906CC /* vcpkg_abi_info.txt */ = {isa = PBXFileReference; lastKnownFileType = text; path = vcpkg_abi_info.txt; sourceTree = "<group>"; };
		EC04901C2B256B40007906CC /* copyright */ = {isa = PBXFileReference; lastKnownFileType = text; path = copyright; sourceTree = "<group>"; };
		EC04901D2B256B40007906CC /* vcpkg-cmake-wrapper.cmake */ = {isa = PBXFileReference; lastKnownFileType = text; path = "vcpkg-cmake-wrapper.cmake"; sourceTree = "<group>"; };
		EC04901F2B256B40007906CC /* CURLTargets-release.cmake */ = {isa = PBXFileReference; lastKnownFileType = text; path = "CURLTargets-release.cmake"; sourceTree = "<group>"; };
		EC0490202B256B40007906CC /* CURLConfig.cmake */ = {isa = PBXFileReference; lastKnownFileType = text; path = CURLConfig.cmake; sourceTree = "<group>"; };
		EC0490212B256B40007906CC /* vcpkg.spdx.json */ = {isa = PBXFileReference; lastKnownFileType = text.json; path = vcpkg.spdx.json; sourceTree = "<group>"; };
		EC0490222B256B40007906CC /* CURLTargets-debug.cmake */ = {isa = PBXFileReference; lastKnownFileType = text; path = "CURLTargets-debug.cmake"; sourceTree = "<group>"; };
		EC0490232B256B40007906CC /* usage */ = {isa = PBXFileReference; lastKnownFileType = text; path = usage; sourceTree = "<group>"; };
		EC0490242B256B40007906CC /* vcpkg_abi_info.txt */ = {isa = PBXFileReference; lastKnownFileType = text; path = vcpkg_abi_info.txt; sourceTree = "<group>"; };
		EC0490252B256B40007906CC /* CURLConfigVersion.cmake */ = {isa = PBXFileReference; lastKnownFileType = text; path = CURLConfigVersion.cmake; sourceTree = "<group>"; };
		EC0490262B256B40007906CC /* CURLTargets.cmake */ = {isa = PBXFileReference; lastKnownFileType = text; path = CURLTargets.cmake; sourceTree = "<group>"; };
		EC0490272B256B40007906CC /* CURLConfigComponents.cmake */ = {isa = PBXFileReference; lastKnownFileType = text; path = CURLConfigComponents.cmake; sourceTree = "<group>"; };
		EC0490282B256B40007906CC /* copyright */ = {isa = PBXFileReference; lastKnownFileType = text; path = copyright; sourceTree = "<group>"; };
		EC0490292B256B40007906CC /* vcpkg-cmake-wrapper.cmake */ = {isa = PBXFileReference; lastKnownFileType = text; path = "vcpkg-cmake-wrapper.cmake"; sourceTree = "<group>"; };
		EC04902C2B256B40007906CC /* 0000000008 */ = {isa = PBXFileReference; lastKnownFileType = text; path = 0000000008; sourceTree = "<group>"; };
		EC04902D2B256B40007906CC /* 0000000001 */ = {isa = PBXFileReference; lastKnownFileType = text; path = 0000000001; sourceTree = "<group>"; };
		EC04902E2B256B40007906CC /* 0000000006 */ = {isa = PBXFileReference; lastKnownFileType = text; path = 0000000006; sourceTree = "<group>"; };
		EC04902F2B256B40007906CC /* 0000000007 */ = {isa = PBXFileReference; lastKnownFileType = text; path = 0000000007; sourceTree = "<group>"; };
		EC0490302B256B40007906CC /* 0000000000 */ = {isa = PBXFileReference; lastKnownFileType = text; path = 0000000000; sourceTree = "<group>"; };
		EC0490312B256B40007906CC /* 0000000009 */ = {isa = PBXFileReference; lastKnownFileType = text; path = 0000000009; sourceTree = "<group>"; };
		EC0490322B256B40007906CC /* 0000000013 */ = {isa = PBXFileReference; lastKnownFileType = text; path = 0000000013; sourceTree = "<group>"; };
		EC0490332B256B40007906CC /* 0000000014 */ = {isa = PBXFileReference; lastKnownFileType = text; path = 0000000014; sourceTree = "<group>"; };
		EC0490342B256B40007906CC /* 0000000015 */ = {isa = PBXFileReference; lastKnownFileType = text; path = 0000000015; sourceTree = "<group>"; };
		EC0490352B256B40007906CC /* 0000000012 */ = {isa = PBXFileReference; lastKnownFileType = text; path = 0000000012; sourceTree = "<group>"; };
		EC0490362B256B40007906CC /* 0000000005 */ = {isa = PBXFileReference; lastKnownFileType = text; path = 0000000005; sourceTree = "<group>"; };
		EC0490372B256B40007906CC /* 0000000002 */ = {isa = PBXFileReference; lastKnownFileType = text; path = 0000000002; sourceTree = "<group>"; };
		EC0490382B256B40007906CC /* 0000000003 */ = {isa = PBXFileReference; lastKnownFileType = text; path = 0000000003; sourceTree = "<group>"; };
		EC0490392B256B40007906CC /* 0000000004 */ = {isa = PBXFileReference; lastKnownFileType = text; path = 0000000004; sourceTree = "<group>"; };
		EC04903A2B256B40007906CC /* 0000000017 */ = {isa = PBXFileReference; lastKnownFileType = text; path = 0000000017; sourceTree = "<group>"; };
		EC04903B2B256B40007906CC /* 0000000010 */ = {isa = PBXFileReference; lastKnownFileType = text; path = 0000000010; sourceTree = "<group>"; };
		EC04903C2B256B40007906CC /* 0000000011 */ = {isa = PBXFileReference; lastKnownFileType = text; path = 0000000011; sourceTree = "<group>"; };
		EC04903D2B256B40007906CC /* 0000000016 */ = {isa = PBXFileReference; lastKnownFileType = text; path = 0000000016; sourceTree = "<group>"; };
		EC04903F2B256B40007906CC /* zlib_1.3_arm64-osx.list */ = {isa = PBXFileReference; lastKnownFileType = text; path = "zlib_1.3_arm64-osx.list"; sourceTree = "<group>"; };
		EC0490402B256B40007906CC /* curl_8.4.0_arm64-osx.list */ = {isa = PBXFileReference; lastKnownFileType = text; path = "curl_8.4.0_arm64-osx.list"; sourceTree = "<group>"; };
		EC0490412B256B40007906CC /* vcpkg-cmake_2023-05-04_arm64-osx.list */ = {isa = PBXFileReference; lastKnownFileType = text; path = "vcpkg-cmake_2023-05-04_arm64-osx.list"; sourceTree = "<group>"; };
		EC0490422B256B40007906CC /* vcpkg-cmake-config_2022-02-06_arm64-osx.list */ = {isa = PBXFileReference; lastKnownFileType = text; path = "vcpkg-cmake-config_2022-02-06_arm64-osx.list"; sourceTree = "<group>"; };
		EC0490432B256B40007906CC /* cpr_1.10.5_arm64-osx.list */ = {isa = PBXFileReference; lastKnownFileType = text; path = "cpr_1.10.5_arm64-osx.list"; sourceTree = "<group>"; };
		EC04905A2B256B9C007906CC /* the-scales-driver-DEBUG-DEV */ = {isa = PBXFileReference; explicitFileType = "compiled.mach-o.executable"; includeInIndex = 0; path = "the-scales-driver-DEBUG-DEV"; sourceTree = BUILT_PRODUCTS_DIR; };
		EC39A94B2B028E0400DDFFE1 /* the-scales-driver-DEV */ = {isa = PBXFileReference; explicitFileType = "compiled.mach-o.executable"; includeInIndex = 0; path = "the-scales-driver-DEV"; sourceTree = BUILT_PRODUCTS_DIR; };
		EC5DD7502B183A8D004D19FE /* CoreFoundation.framework */ = {isa = PBXFileReference; lastKnownFileType = wrapper.framework; name = CoreFoundation.framework; path = System/Library/Frameworks/CoreFoundation.framework; sourceTree = SDKROOT; };
		EC5DD7522B183ACB004D19FE /* SystemConfiguration.framework */ = {isa = PBXFileReference; lastKnownFileType = wrapper.framework; name = SystemConfiguration.framework; path = System/Library/Frameworks/SystemConfiguration.framework; sourceTree = SDKROOT; };
		EC5DD7542B183B5E004D19FE /* Security.framework */ = {isa = PBXFileReference; lastKnownFileType = wrapper.framework; name = Security.framework; path = System/Library/Frameworks/Security.framework; sourceTree = SDKROOT; };
		ECE9C1492B2A0FC80015C1E4 /* api-service.h */ = {isa = PBXFileReference; lastKnownFileType = sourcecode.c.h; path = "api-service.h"; sourceTree = "<group>"; };
		ECE9C14A2B2A0FC80015C1E4 /* string-formatter.h */ = {isa = PBXFileReference; lastKnownFileType = sourcecode.c.h; path = "string-formatter.h"; sourceTree = "<group>"; };
		ECE9C1502B2A0FC80015C1E4 /* curl-config */ = {isa = PBXFileReference; lastKnownFileType = text.script.sh; path = "curl-config"; sourceTree = "<group>"; };
		ECE9C1532B2A0FC80015C1E4 /* curl-config */ = {isa = PBXFileReference; lastKnownFileType = text.script.sh; path = "curl-config"; sourceTree = "<group>"; };
		ECE9C1562B2A0FC80015C1E4 /* filesystem.h */ = {isa = PBXFileReference; lastKnownFileType = sourcecode.c.h; path = filesystem.h; sourceTree = "<group>"; };
		ECE9C1572B2A0FC80015C1E4 /* error.h */ = {isa = PBXFileReference; lastKnownFileType = sourcecode.c.h; path = error.h; sourceTree = "<group>"; };
		ECE9C1582B2A0FC80015C1E4 /* local_port_range.h */ = {isa = PBXFileReference; lastKnownFileType = sourcecode.c.h; path = local_port_range.h; sourceTree = "<group>"; };
		ECE9C1592B2A0FC80015C1E4 /* range.h */ = {isa = PBXFileReference; lastKnownFileType = sourcecode.c.h; path = range.h; sourceTree = "<group>"; };
		ECE9C15A2B2A0FC80015C1E4 /* response.h */ = {isa = PBXFileReference; lastKnownFileType = sourcecode.c.h; path = response.h; sourceTree = "<group>"; };
		ECE9C15B2B2A0FC80015C1E4 /* cert_info.h */ = {isa = PBXFileReference; lastKnownFileType = sourcecode.c.h; path = cert_info.h; sourceTree = "<group>"; };
		ECE9C15C2B2A0FC80015C1E4 /* cprtypes.h */ = {isa = PBXFileReference; lastKnownFileType = sourcecode.c.h; path = cprtypes.h; sourceTree = "<group>"; };
		ECE9C15D2B2A0FC80015C1E4 /* interceptor.h */ = {isa = PBXFileReference; lastKnownFileType = sourcecode.c.h; path = interceptor.h; sourceTree = "<group>"; };
		ECE9C15E2B2A0FC80015C1E4 /* connect_timeout.h */ = {isa = PBXFileReference; lastKnownFileType = sourcecode.c.h; path = connect_timeout.h; sourceTree = "<group>"; };
		ECE9C15F2B2A0FC80015C1E4 /* threadpool.h */ = {isa = PBXFileReference; lastKnownFileType = sourcecode.c.h; path = threadpool.h; sourceTree = "<group>"; };
		ECE9C1602B2A0FC80015C1E4 /* status_codes.h */ = {isa = PBXFileReference; lastKnownFileType = sourcecode.c.h; path = status_codes.h; sourceTree = "<group>"; };
		ECE9C1612B2A0FC80015C1E4 /* singleton.h */ = {isa = PBXFileReference; lastKnownFileType = sourcecode.c.h; path = singleton.h; sourceTree = "<group>"; };
		ECE9C1622B2A0FC80015C1E4 /* redirect.h */ = {isa = PBXFileReference; lastKnownFileType = sourcecode.c.h; path = redirect.h; sourceTree = "<group>"; };
		ECE9C1632B2A0FC80015C1E4 /* local_port.h */ = {isa = PBXFileReference; lastKnownFileType = sourcecode.c.h; path = local_port.h; sourceTree = "<group>"; };
		ECE9C1642B2A0FC80015C1E4 /* http_version.h */ = {isa = PBXFileReference; lastKnownFileType = sourcecode.c.h; path = http_version.h; sourceTree = "<group>"; };
		ECE9C1652B2A0FC80015C1E4 /* body.h */ = {isa = PBXFileReference; lastKnownFileType = sourcecode.c.h; path = body.h; sourceTree = "<group>"; };
		ECE9C1662B2A0FC80015C1E4 /* curlmultiholder.h */ = {isa = PBXFileReference; lastKnownFileType = sourcecode.c.h; path = curlmultiholder.h; sourceTree = "<group>"; };
		ECE9C1672B2A0FC80015C1E4 /* verbose.h */ = {isa = PBXFileReference; lastKnownFileType = sourcecode.c.h; path = verbose.h; sourceTree = "<group>"; };
		ECE9C1682B2A0FC80015C1E4 /* payload.h */ = {isa = PBXFileReference; lastKnownFileType = sourcecode.c.h; path = payload.h; sourceTree = "<group>"; };
		ECE9C1692B2A0FC80015C1E4 /* multiperform.h */ = {isa = PBXFileReference; lastKnownFileType = sourcecode.c.h; path = multiperform.h; sourceTree = "<group>"; };
		ECE9C16A2B2A0FC80015C1E4 /* file.h */ = {isa = PBXFileReference; lastKnownFileType = sourcecode.c.h; path = file.h; sourceTree = "<group>"; };
		ECE9C16B2B2A0FC80015C1E4 /* ssl_options.h */ = {isa = PBXFileReference; lastKnownFileType = sourcecode.c.h; path = ssl_options.h; sourceTree = "<group>"; };
		ECE9C16C2B2A0FC80015C1E4 /* cprver.h */ = {isa = PBXFileReference; lastKnownFileType = sourcecode.c.h; path = cprver.h; sourceTree = "<group>"; };
		ECE9C16D2B2A0FC80015C1E4 /* limit_rate.h */ = {isa = PBXFileReference; lastKnownFileType = sourcecode.c.h; path = limit_rate.h; sourceTree = "<group>"; };
		ECE9C16E2B2A0FC80015C1E4 /* ssl_ctx.h */ = {isa = PBXFileReference; lastKnownFileType = sourcecode.c.h; path = ssl_ctx.h; sourceTree = "<group>"; };
		ECE9C16F2B2A0FC80015C1E4 /* bearer.h */ = {isa = PBXFileReference; lastKnownFileType = sourcecode.c.h; path = bearer.h; sourceTree = "<group>"; };
		ECE9C1702B2A0FC80015C1E4 /* interface.h */ = {isa = PBXFileReference; lastKnownFileType = sourcecode.c.h; path = interface.h; sourceTree = "<group>"; };
		ECE9C1712B2A0FC80015C1E4 /* api.h */ = {isa = PBXFileReference; lastKnownFileType = sourcecode.c.h; path = api.h; sourceTree = "<group>"; };
		ECE9C1722B2A0FC80015C1E4 /* async.h */ = {isa = PBXFileReference; lastKnownFileType = sourcecode.c.h; path = async.h; sourceTree = "<group>"; };
		ECE9C1732B2A0FC80015C1E4 /* buffer.h */ = {isa = PBXFileReference; lastKnownFileType = sourcecode.c.h; path = buffer.h; sourceTree = "<group>"; };
		ECE9C1742B2A0FC80015C1E4 /* session.h */ = {isa = PBXFileReference; lastKnownFileType = sourcecode.c.h; path = session.h; sourceTree = "<group>"; };
		ECE9C1752B2A0FC80015C1E4 /* parameters.h */ = {isa = PBXFileReference; lastKnownFileType = sourcecode.c.h; path = parameters.h; sourceTree = "<group>"; };
		ECE9C1762B2A0FC80015C1E4 /* curl_container.h */ = {isa = PBXFileReference; lastKnownFileType = sourcecode.c.h; path = curl_container.h; sourceTree = "<group>"; };
		ECE9C1772B2A0FC80015C1E4 /* util.h */ = {isa = PBXFileReference; lastKnownFileType = sourcecode.c.h; path = util.h; sourceTree = "<group>"; };
		ECE9C1782B2A0FC80015C1E4 /* curlholder.h */ = {isa = PBXFileReference; lastKnownFileType = sourcecode.c.h; path = curlholder.h; sourceTree = "<group>"; };
		ECE9C1792B2A0FC80015C1E4 /* auth.h */ = {isa = PBXFileReference; lastKnownFileType = sourcecode.c.h; path = auth.h; sourceTree = "<group>"; };
		ECE9C17A2B2A0FC80015C1E4 /* proxies.h */ = {isa = PBXFileReference; lastKnownFileType = sourcecode.c.h; path = proxies.h; sourceTree = "<group>"; };
		ECE9C17B2B2A0FC80015C1E4 /* cookies.h */ = {isa = PBXFileReference; lastKnownFileType = sourcecode.c.h; path = cookies.h; sourceTree = "<group>"; };
		ECE9C17C2B2A0FC80015C1E4 /* resolve.h */ = {isa = PBXFileReference; lastKnownFileType = sourcecode.c.h; path = resolve.h; sourceTree = "<group>"; };
		ECE9C17D2B2A0FC80015C1E4 /* reserve_size.h */ = {isa = PBXFileReference; lastKnownFileType = sourcecode.c.h; path = reserve_size.h; sourceTree = "<group>"; };
		ECE9C17E2B2A0FC80015C1E4 /* multipart.h */ = {isa = PBXFileReference; lastKnownFileType = sourcecode.c.h; path = multipart.h; sourceTree = "<group>"; };
		ECE9C17F2B2A0FC80015C1E4 /* timeout.h */ = {isa = PBXFileReference; lastKnownFileType = sourcecode.c.h; path = timeout.h; sourceTree = "<group>"; };
		ECE9C1802B2A0FC80015C1E4 /* callback.h */ = {isa = PBXFileReference; lastKnownFileType = sourcecode.c.h; path = callback.h; sourceTree = "<group>"; };
		ECE9C1812B2A0FC80015C1E4 /* low_speed.h */ = {isa = PBXFileReference; lastKnownFileType = sourcecode.c.h; path = low_speed.h; sourceTree = "<group>"; };
		ECE9C1822B2A0FC80015C1E4 /* proxyauth.h */ = {isa = PBXFileReference; lastKnownFileType = sourcecode.c.h; path = proxyauth.h; sourceTree = "<group>"; };
		ECE9C1832B2A0FC80015C1E4 /* accept_encoding.h */ = {isa = PBXFileReference; lastKnownFileType = sourcecode.c.h; path = accept_encoding.h; sourceTree = "<group>"; };
		ECE9C1842B2A0FC80015C1E4 /* async_wrapper.h */ = {isa = PBXFileReference; lastKnownFileType = sourcecode.c.h; path = async_wrapper.h; sourceTree = "<group>"; };
		ECE9C1852B2A0FC80015C1E4 /* unix_socket.h */ = {isa = PBXFileReference; lastKnownFileType = sourcecode.c.h; path = unix_socket.h; sourceTree = "<group>"; };
		ECE9C1862B2A0FC80015C1E4 /* user_agent.h */ = {isa = PBXFileReference; lastKnownFileType = sourcecode.c.h; path = user_agent.h; sourceTree = "<group>"; };
		ECE9C1872B2A0FC80015C1E4 /* cpr.h */ = {isa = PBXFileReference; lastKnownFileType = sourcecode.c.h; path = cpr.h; sourceTree = "<group>"; };
		ECE9C1892B2A0FC80015C1E4 /* stdcheaders.h */ = {isa = PBXFileReference; lastKnownFileType = sourcecode.c.h; path = stdcheaders.h; sourceTree = "<group>"; };
		ECE9C18A2B2A0FC80015C1E4 /* header.h */ = {isa = PBXFileReference; lastKnownFileType = sourcecode.c.h; path = header.h; sourceTree = "<group>"; };
		ECE9C18B2B2A0FC80015C1E4 /* options.h */ = {isa = PBXFileReference; lastKnownFileType = sourcecode.c.h; path = options.h; sourceTree = "<group>"; };
		ECE9C18C2B2A0FC80015C1E4 /* mprintf.h */ = {isa = PBXFileReference; lastKnownFileType = sourcecode.c.h; path = mprintf.h; sourceTree = "<group>"; };
		ECE9C18D2B2A0FC80015C1E4 /* easy.h */ = {isa = PBXFileReference; lastKnownFileType = sourcecode.c.h; path = easy.h; sourceTree = "<group>"; };
		ECE9C18E2B2A0FC80015C1E4 /* curl.h */ = {isa = PBXFileReference; lastKnownFileType = sourcecode.c.h; path = curl.h; sourceTree = "<group>"; };
		ECE9C18F2B2A0FC80015C1E4 /* websockets.h */ = {isa = PBXFileReference; lastKnownFileType = sourcecode.c.h; path = websockets.h; sourceTree = "<group>"; };
		ECE9C1902B2A0FC80015C1E4 /* curlver.h */ = {isa = PBXFileReference; lastKnownFileType = sourcecode.c.h; path = curlver.h; sourceTree = "<group>"; };
		ECE9C1912B2A0FC80015C1E4 /* system.h */ = {isa = PBXFileReference; lastKnownFileType = sourcecode.c.h; path = system.h; sourceTree = "<group>"; };
		ECE9C1922B2A0FC80015C1E4 /* typecheck-gcc.h */ = {isa = PBXFileReference; lastKnownFileType = sourcecode.c.h; path = "typecheck-gcc.h"; sourceTree = "<group>"; };
		ECE9C1932B2A0FC80015C1E4 /* multi.h */ = {isa = PBXFileReference; lastKnownFileType = sourcecode.c.h; path = multi.h; sourceTree = "<group>"; };
		ECE9C1942B2A0FC80015C1E4 /* urlapi.h */ = {isa = PBXFileReference; lastKnownFileType = sourcecode.c.h; path = urlapi.h; sourceTree = "<group>"; };
		ECE9C1952B2A0FC80015C1E4 /* zlib.h */ = {isa = PBXFileReference; lastKnownFileType = sourcecode.c.h; path = zlib.h; sourceTree = "<group>"; };
		ECE9C1962B2A0FC80015C1E4 /* zconf.h */ = {isa = PBXFileReference; lastKnownFileType = sourcecode.c.h; path = zconf.h; sourceTree = "<group>"; };
		ECE9C1992B2A0FC80015C1E4 /* libcurl.pc */ = {isa = PBXFileReference; lastKnownFileType = text; path = libcurl.pc; sourceTree = "<group>"; };
		ECE9C19A2B2A0FC80015C1E4 /* zlib.pc */ = {isa = PBXFileReference; lastKnownFileType = text; path = zlib.pc; sourceTree = "<group>"; };
		ECE9C19B2B2A0FC80015C1E4 /* libz.a */ = {isa = PBXFileReference; lastKnownFileType = archive.ar; path = libz.a; sourceTree = "<group>"; };
		ECE9C19C2B2A0FC80015C1E4 /* libcurl.a */ = {isa = PBXFileReference; lastKnownFileType = archive.ar; path = libcurl.a; sourceTree = "<group>"; };
		ECE9C19D2B2A0FC80015C1E4 /* libcpr.a */ = {isa = PBXFileReference; lastKnownFileType = archive.ar; path = libcpr.a; sourceTree = "<group>"; };
		ECE9C1A12B2A0FC80015C1E4 /* libcurl.pc */ = {isa = PBXFileReference; lastKnownFileType = text; path = libcurl.pc; sourceTree = "<group>"; };
		ECE9C1A22B2A0FC80015C1E4 /* zlib.pc */ = {isa = PBXFileReference; lastKnownFileType = text; path = zlib.pc; sourceTree = "<group>"; };
		ECE9C1A32B2A0FC80015C1E4 /* libz.a */ = {isa = PBXFileReference; lastKnownFileType = archive.ar; path = libz.a; sourceTree = "<group>"; };
		ECE9C1A42B2A0FC80015C1E4 /* libcurl-d.a */ = {isa = PBXFileReference; lastKnownFileType = archive.ar; path = "libcurl-d.a"; sourceTree = "<group>"; };
		ECE9C1A52B2A0FC80015C1E4 /* libcpr.a */ = {isa = PBXFileReference; lastKnownFileType = archive.ar; path = libcpr.a; sourceTree = "<group>"; };
		ECE9C1A82B2A0FC80015C1E4 /* cprTargets.cmake */ = {isa = PBXFileReference; lastKnownFileType = text; path = cprTargets.cmake; sourceTree = "<group>"; };
		ECE9C1A92B2A0FC80015C1E4 /* vcpkg.spdx.json */ = {isa = PBXFileReference; lastKnownFileType = text.json; path = vcpkg.spdx.json; sourceTree = "<group>"; };
		ECE9C1AA2B2A0FC80015C1E4 /* cprTargets-release.cmake */ = {isa = PBXFileReference; lastKnownFileType = text; path = "cprTargets-release.cmake"; sourceTree = "<group>"; };
		ECE9C1AB2B2A0FC80015C1E4 /* cprConfigVersion.cmake */ = {isa = PBXFileReference; lastKnownFileType = text; path = cprConfigVersion.cmake; sourceTree = "<group>"; };
		ECE9C1AC2B2A0FC80015C1E4 /* cprConfig.cmake */ = {isa = PBXFileReference; lastKnownFileType = text; path = cprConfig.cmake; sourceTree = "<group>"; };
		ECE9C1AD2B2A0FC80015C1E4 /* vcpkg_abi_info.txt */ = {isa = PBXFileReference; lastKnownFileType = text; path = vcpkg_abi_info.txt; sourceTree = "<group>"; };
		ECE9C1AE2B2A0FC80015C1E4 /* copyright */ = {isa = PBXFileReference; lastKnownFileType = text; path = copyright; sourceTree = "<group>"; };
		ECE9C1AF2B2A0FC80015C1E4 /* cprTargets-debug.cmake */ = {isa = PBXFileReference; lastKnownFileType = text; path = "cprTargets-debug.cmake"; sourceTree = "<group>"; };
		ECE9C1B12B2A0FC80015C1E4 /* vcpkg.spdx.json */ = {isa = PBXFileReference; lastKnownFileType = text.json; path = vcpkg.spdx.json; sourceTree = "<group>"; };
		ECE9C1B22B2A0FC80015C1E4 /* vcpkg_abi_info.txt */ = {isa = PBXFileReference; lastKnownFileType = text; path = vcpkg_abi_info.txt; sourceTree = "<group>"; };
		ECE9C1B32B2A0FC80015C1E4 /* copyright */ = {isa = PBXFileReference; lastKnownFileType = text; path = copyright; sourceTree = "<group>"; };
		ECE9C1B42B2A0FC80015C1E4 /* vcpkg_cmake_config_fixup.cmake */ = {isa = PBXFileReference; lastKnownFileType = text; path = vcpkg_cmake_config_fixup.cmake; sourceTree = "<group>"; };
		ECE9C1B52B2A0FC80015C1E4 /* vcpkg-port-config.cmake */ = {isa = PBXFileReference; lastKnownFileType = text; path = "vcpkg-port-config.cmake"; sourceTree = "<group>"; };
		ECE9C1B72B2A0FC80015C1E4 /* vcpkg_cmake_install.cmake */ = {isa = PBXFileReference; lastKnownFileType = text; path = vcpkg_cmake_install.cmake; sourceTree = "<group>"; };
		ECE9C1B82B2A0FC80015C1E4 /* vcpkg.spdx.json */ = {isa = PBXFileReference; lastKnownFileType = text.json; path = vcpkg.spdx.json; sourceTree = "<group>"; };
		ECE9C1B92B2A0FC80015C1E4 /* vcpkg_cmake_build.cmake */ = {isa = PBXFileReference; lastKnownFileType = text; path = vcpkg_cmake_build.cmake; sourceTree = "<group>"; };
		ECE9C1BA2B2A0FC80015C1E4 /* vcpkg_abi_info.txt */ = {isa = PBXFileReference; lastKnownFileType = text; path = vcpkg_abi_info.txt; sourceTree = "<group>"; };
		ECE9C1BB2B2A0FC80015C1E4 /* vcpkg_cmake_configure.cmake */ = {isa = PBXFileReference; lastKnownFileType = text; path = vcpkg_cmake_configure.cmake; sourceTree = "<group>"; };
		ECE9C1BC2B2A0FC80015C1E4 /* copyright */ = {isa = PBXFileReference; lastKnownFileType = text; path = copyright; sourceTree = "<group>"; };
		ECE9C1BD2B2A0FC80015C1E4 /* vcpkg-port-config.cmake */ = {isa = PBXFileReference; lastKnownFileType = text; path = "vcpkg-port-config.cmake"; sourceTree = "<group>"; };
		ECE9C1BF2B2A0FC80015C1E4 /* vcpkg.spdx.json */ = {isa = PBXFileReference; lastKnownFileType = text.json; path = vcpkg.spdx.json; sourceTree = "<group>"; };
		ECE9C1C02B2A0FC80015C1E4 /* usage */ = {isa = PBXFileReference; lastKnownFileType = text; path = usage; sourceTree = "<group>"; };
		ECE9C1C12B2A0FC80015C1E4 /* vcpkg_abi_info.txt */ = {isa = PBXFileReference; lastKnownFileType = text; path = vcpkg_abi_info.txt; sourceTree = "<group>"; };
		ECE9C1C22B2A0FC80015C1E4 /* copyright */ = {isa = PBXFileReference; lastKnownFileType = text; path = copyright; sourceTree = "<group>"; };
		ECE9C1C32B2A0FC80015C1E4 /* vcpkg-cmake-wrapper.cmake */ = {isa = PBXFileReference; lastKnownFileType = text; path = "vcpkg-cmake-wrapper.cmake"; sourceTree = "<group>"; };
		ECE9C1C52B2A0FC80015C1E4 /* CURLTargets-release.cmake */ = {isa = PBXFileReference; lastKnownFileType = text; path = "CURLTargets-release.cmake"; sourceTree = "<group>"; };
		ECE9C1C62B2A0FC80015C1E4 /* CURLConfig.cmake */ = {isa = PBXFileReference; lastKnownFileType = text; path = CURLConfig.cmake; sourceTree = "<group>"; };
		ECE9C1C72B2A0FC80015C1E4 /* vcpkg.spdx.json */ = {isa = PBXFileReference; lastKnownFileType = text.json; path = vcpkg.spdx.json; sourceTree = "<group>"; };
		ECE9C1C82B2A0FC80015C1E4 /* CURLTargets-debug.cmake */ = {isa = PBXFileReference; lastKnownFileType = text; path = "CURLTargets-debug.cmake"; sourceTree = "<group>"; };
		ECE9C1C92B2A0FC80015C1E4 /* usage */ = {isa = PBXFileReference; lastKnownFileType = text; path = usage; sourceTree = "<group>"; };
		ECE9C1CA2B2A0FC80015C1E4 /* vcpkg_abi_info.txt */ = {isa = PBXFileReference; lastKnownFileType = text; path = vcpkg_abi_info.txt; sourceTree = "<group>"; };
		ECE9C1CB2B2A0FC80015C1E4 /* CURLConfigVersion.cmake */ = {isa = PBXFileReference; lastKnownFileType = text; path = CURLConfigVersion.cmake; sourceTree = "<group>"; };
		ECE9C1CC2B2A0FC80015C1E4 /* CURLTargets.cmake */ = {isa = PBXFileReference; lastKnownFileType = text; path = CURLTargets.cmake; sourceTree = "<group>"; };
		ECE9C1CD2B2A0FC80015C1E4 /* CURLConfigComponents.cmake */ = {isa = PBXFileReference; lastKnownFileType = text; path = CURLConfigComponents.cmake; sourceTree = "<group>"; };
		ECE9C1CE2B2A0FC80015C1E4 /* copyright */ = {isa = PBXFileReference; lastKnownFileType = text; path = copyright; sourceTree = "<group>"; };
		ECE9C1CF2B2A0FC80015C1E4 /* vcpkg-cmake-wrapper.cmake */ = {isa = PBXFileReference; lastKnownFileType = text; path = "vcpkg-cmake-wrapper.cmake"; sourceTree = "<group>"; };
		ECE9C1D22B2A0FC80015C1E4 /* 0000000008 */ = {isa = PBXFileReference; lastKnownFileType = text; path = 0000000008; sourceTree = "<group>"; };
		ECE9C1D32B2A0FC80015C1E4 /* 0000000001 */ = {isa = PBXFileReference; lastKnownFileType = text; path = 0000000001; sourceTree = "<group>"; };
		ECE9C1D42B2A0FC80015C1E4 /* 0000000006 */ = {isa = PBXFileReference; lastKnownFileType = text; path = 0000000006; sourceTree = "<group>"; };
		ECE9C1D52B2A0FC80015C1E4 /* 0000000007 */ = {isa = PBXFileReference; lastKnownFileType = text; path = 0000000007; sourceTree = "<group>"; };
		ECE9C1D62B2A0FC80015C1E4 /* 0000000000 */ = {isa = PBXFileReference; lastKnownFileType = text; path = 0000000000; sourceTree = "<group>"; };
		ECE9C1D72B2A0FC80015C1E4 /* 0000000009 */ = {isa = PBXFileReference; lastKnownFileType = text; path = 0000000009; sourceTree = "<group>"; };
		ECE9C1D82B2A0FC80015C1E4 /* 0000000013 */ = {isa = PBXFileReference; lastKnownFileType = text; path = 0000000013; sourceTree = "<group>"; };
		ECE9C1D92B2A0FC80015C1E4 /* 0000000014 */ = {isa = PBXFileReference; lastKnownFileType = text; path = 0000000014; sourceTree = "<group>"; };
		ECE9C1DA2B2A0FC80015C1E4 /* 0000000015 */ = {isa = PBXFileReference; lastKnownFileType = text; path = 0000000015; sourceTree = "<group>"; };
		ECE9C1DB2B2A0FC80015C1E4 /* 0000000012 */ = {isa = PBXFileReference; lastKnownFileType = text; path = 0000000012; sourceTree = "<group>"; };
		ECE9C1DC2B2A0FC80015C1E4 /* 0000000005 */ = {isa = PBXFileReference; lastKnownFileType = text; path = 0000000005; sourceTree = "<group>"; };
		ECE9C1DD2B2A0FC80015C1E4 /* 0000000002 */ = {isa = PBXFileReference; lastKnownFileType = text; path = 0000000002; sourceTree = "<group>"; };
		ECE9C1DE2B2A0FC80015C1E4 /* 0000000003 */ = {isa = PBXFileReference; lastKnownFileType = text; path = 0000000003; sourceTree = "<group>"; };
		ECE9C1DF2B2A0FC80015C1E4 /* 0000000004 */ = {isa = PBXFileReference; lastKnownFileType = text; path = 0000000004; sourceTree = "<group>"; };
		ECE9C1E02B2A0FC80015C1E4 /* 0000000017 */ = {isa = PBXFileReference; lastKnownFileType = text; path = 0000000017; sourceTree = "<group>"; };
		ECE9C1E12B2A0FC80015C1E4 /* 0000000010 */ = {isa = PBXFileReference; lastKnownFileType = text; path = 0000000010; sourceTree = "<group>"; };
		ECE9C1E22B2A0FC80015C1E4 /* 0000000011 */ = {isa = PBXFileReference; lastKnownFileType = text; path = 0000000011; sourceTree = "<group>"; };
		ECE9C1E32B2A0FC80015C1E4 /* 0000000016 */ = {isa = PBXFileReference; lastKnownFileType = text; path = 0000000016; sourceTree = "<group>"; };
		ECE9C1E52B2A0FC80015C1E4 /* zlib_1.3_arm64-osx.list */ = {isa = PBXFileReference; lastKnownFileType = text; path = "zlib_1.3_arm64-osx.list"; sourceTree = "<group>"; };
		ECE9C1E62B2A0FC80015C1E4 /* curl_8.4.0_arm64-osx.list */ = {isa = PBXFileReference; lastKnownFileType = text; path = "curl_8.4.0_arm64-osx.list"; sourceTree = "<group>"; };
		ECE9C1E72B2A0FC80015C1E4 /* vcpkg-cmake_2023-05-04_arm64-osx.list */ = {isa = PBXFileReference; lastKnownFileType = text; path = "vcpkg-cmake_2023-05-04_arm64-osx.list"; sourceTree = "<group>"; };
		ECE9C1E82B2A0FC80015C1E4 /* vcpkg-cmake-config_2022-02-06_arm64-osx.list */ = {isa = PBXFileReference; lastKnownFileType = text; path = "vcpkg-cmake-config_2022-02-06_arm64-osx.list"; sourceTree = "<group>"; };
		ECE9C1E92B2A0FC80015C1E4 /* cpr_1.10.5_arm64-osx.list */ = {isa = PBXFileReference; lastKnownFileType = text; path = "cpr_1.10.5_arm64-osx.list"; sourceTree = "<group>"; };
		ECE9C1EA2B2A0FC80015C1E4 /* vcpkg.json */ = {isa = PBXFileReference; lastKnownFileType = text.json; path = vcpkg.json; sourceTree = "<group>"; };
		ECE9C1EB2B2A0FC80015C1E4 /* main.cpp */ = {isa = PBXFileReference; lastKnownFileType = sourcecode.cpp.cpp; path = main.cpp; sourceTree = "<group>"; };
		ECE9C1EE2B2A0FC80015C1E4 /* string-formatter.cpp */ = {isa = PBXFileReference; lastKnownFileType = sourcecode.cpp.cpp; path = "string-formatter.cpp"; sourceTree = "<group>"; };
		ECE9C1EF2B2A0FC80015C1E4 /* api-service.cpp */ = {isa = PBXFileReference; lastKnownFileType = sourcecode.cpp.cpp; path = "api-service.cpp"; sourceTree = "<group>"; };
/* End PBXFileReference section */

/* Begin PBXFrameworksBuildPhase section */
		EC04904F2B256B9C007906CC /* Frameworks */ = {
			isa = PBXFrameworksBuildPhase;
			buildActionMask = 2147483647;
			files = (
				EC04905E2B256E86007906CC /* libcpr.a in Frameworks */,
				EC04905F2B256E86007906CC /* libcurl-d.a in Frameworks */,
				EC0490602B256E86007906CC /* libz.a in Frameworks */,
				EC0490532B256B9C007906CC /* SystemConfiguration.framework in Frameworks */,
				EC0490542B256B9C007906CC /* Security.framework in Frameworks */,
				EC0490552B256B9C007906CC /* CoreFoundation.framework in Frameworks */,
			);
			runOnlyForDeploymentPostprocessing = 0;
		};
		EC39A9482B028E0400DDFFE1 /* Frameworks */ = {
			isa = PBXFrameworksBuildPhase;
			buildActionMask = 2147483647;
			files = (
				EC04905B2B256BD7007906CC /* libcpr.a in Frameworks */,
				EC04905C2B256BD7007906CC /* libcurl.a in Frameworks */,
				EC04905D2B256BD7007906CC /* libz.a in Frameworks */,
				EC5DD7532B183ACB004D19FE /* SystemConfiguration.framework in Frameworks */,
				EC5DD7552B183B5E004D19FE /* Security.framework in Frameworks */,
				EC5DD7512B183A8D004D19FE /* CoreFoundation.framework in Frameworks */,
			);
			runOnlyForDeploymentPostprocessing = 0;
		};
/* End PBXFrameworksBuildPhase section */

/* Begin PBXGroup section */
		EC048FA52B256B40007906CC /* vcpkg_installed */ = {
			isa = PBXGroup;
			children = (
				EC048FA62B256B40007906CC /* arm64-osx */,
				EC04902A2B256B40007906CC /* vcpkg */,
			);
			name = vcpkg_installed;
			path = HelloAgainC/vcpkg_installed;
			sourceTree = "<group>";
		};
		EC048FA62B256B40007906CC /* arm64-osx */ = {
			isa = PBXGroup;
			children = (
				EC048FA72B256B40007906CC /* tools */,
				EC048FAE2B256B40007906CC /* include */,
				EC048FF12B256B40007906CC /* lib */,
				EC048FF82B256B40007906CC /* debug */,
				EC0490002B256B40007906CC /* share */,
			);
			path = "arm64-osx";
			sourceTree = "<group>";
		};
		EC048FA72B256B40007906CC /* tools */ = {
			isa = PBXGroup;
			children = (
				EC048FA82B256B40007906CC /* curl */,
			);
			path = tools;
			sourceTree = "<group>";
		};
		EC048FA82B256B40007906CC /* curl */ = {
			isa = PBXGroup;
			children = (
				EC048FA92B256B40007906CC /* bin */,
				EC048FAB2B256B40007906CC /* debug */,
			);
			path = curl;
			sourceTree = "<group>";
		};
		EC048FA92B256B40007906CC /* bin */ = {
			isa = PBXGroup;
			children = (
				EC048FAA2B256B40007906CC /* curl-config */,
			);
			path = bin;
			sourceTree = "<group>";
		};
		EC048FAB2B256B40007906CC /* debug */ = {
			isa = PBXGroup;
			children = (
				EC048FAC2B256B40007906CC /* bin */,
			);
			path = debug;
			sourceTree = "<group>";
		};
		EC048FAC2B256B40007906CC /* bin */ = {
			isa = PBXGroup;
			children = (
				EC048FAD2B256B40007906CC /* curl-config */,
			);
			path = bin;
			sourceTree = "<group>";
		};
		EC048FAE2B256B40007906CC /* include */ = {
			isa = PBXGroup;
			children = (
				EC048FAF2B256B40007906CC /* cpr */,
				EC048FE22B256B40007906CC /* curl */,
				EC048FEF2B256B40007906CC /* zlib.h */,
				EC048FF02B256B40007906CC /* zconf.h */,
			);
			path = include;
			sourceTree = "<group>";
		};
		EC048FAF2B256B40007906CC /* cpr */ = {
			isa = PBXGroup;
			children = (
				EC048FB02B256B40007906CC /* filesystem.h */,
				EC048FB12B256B40007906CC /* error.h */,
				EC048FB22B256B40007906CC /* local_port_range.h */,
				EC048FB32B256B40007906CC /* range.h */,
				EC048FB42B256B40007906CC /* response.h */,
				EC048FB52B256B40007906CC /* cert_info.h */,
				EC048FB62B256B40007906CC /* cprtypes.h */,
				EC048FB72B256B40007906CC /* interceptor.h */,
				EC048FB82B256B40007906CC /* connect_timeout.h */,
				EC048FB92B256B40007906CC /* threadpool.h */,
				EC048FBA2B256B40007906CC /* status_codes.h */,
				EC048FBB2B256B40007906CC /* singleton.h */,
				EC048FBC2B256B40007906CC /* redirect.h */,
				EC048FBD2B256B40007906CC /* local_port.h */,
				EC048FBE2B256B40007906CC /* http_version.h */,
				EC048FBF2B256B40007906CC /* body.h */,
				EC048FC02B256B40007906CC /* curlmultiholder.h */,
				EC048FC12B256B40007906CC /* verbose.h */,
				EC048FC22B256B40007906CC /* payload.h */,
				EC048FC32B256B40007906CC /* multiperform.h */,
				EC048FC42B256B40007906CC /* file.h */,
				EC048FC52B256B40007906CC /* ssl_options.h */,
				EC048FC62B256B40007906CC /* cprver.h */,
				EC048FC72B256B40007906CC /* limit_rate.h */,
				EC048FC82B256B40007906CC /* ssl_ctx.h */,
				EC048FC92B256B40007906CC /* bearer.h */,
				EC048FCA2B256B40007906CC /* interface.h */,
				EC048FCB2B256B40007906CC /* api.h */,
				EC048FCC2B256B40007906CC /* async.h */,
				EC048FCD2B256B40007906CC /* buffer.h */,
				EC048FCE2B256B40007906CC /* session.h */,
				EC048FCF2B256B40007906CC /* parameters.h */,
				EC048FD02B256B40007906CC /* curl_container.h */,
				EC048FD12B256B40007906CC /* util.h */,
				EC048FD22B256B40007906CC /* curlholder.h */,
				EC048FD32B256B40007906CC /* auth.h */,
				EC048FD42B256B40007906CC /* proxies.h */,
				EC048FD52B256B40007906CC /* cookies.h */,
				EC048FD62B256B40007906CC /* resolve.h */,
				EC048FD72B256B40007906CC /* reserve_size.h */,
				EC048FD82B256B40007906CC /* multipart.h */,
				EC048FD92B256B40007906CC /* timeout.h */,
				EC048FDA2B256B40007906CC /* callback.h */,
				EC048FDB2B256B40007906CC /* low_speed.h */,
				EC048FDC2B256B40007906CC /* proxyauth.h */,
				EC048FDD2B256B40007906CC /* accept_encoding.h */,
				EC048FDE2B256B40007906CC /* async_wrapper.h */,
				EC048FDF2B256B40007906CC /* unix_socket.h */,
				EC048FE02B256B40007906CC /* user_agent.h */,
				EC048FE12B256B40007906CC /* cpr.h */,
			);
			path = cpr;
			sourceTree = "<group>";
		};
		EC048FE22B256B40007906CC /* curl */ = {
			isa = PBXGroup;
			children = (
				EC048FE32B256B40007906CC /* stdcheaders.h */,
				EC048FE42B256B40007906CC /* header.h */,
				EC048FE52B256B40007906CC /* options.h */,
				EC048FE62B256B40007906CC /* mprintf.h */,
				EC048FE72B256B40007906CC /* easy.h */,
				EC048FE82B256B40007906CC /* curl.h */,
				EC048FE92B256B40007906CC /* websockets.h */,
				EC048FEA2B256B40007906CC /* curlver.h */,
				EC048FEB2B256B40007906CC /* system.h */,
				EC048FEC2B256B40007906CC /* typecheck-gcc.h */,
				EC048FED2B256B40007906CC /* multi.h */,
				EC048FEE2B256B40007906CC /* urlapi.h */,
			);
			path = curl;
			sourceTree = "<group>";
		};
		EC048FF12B256B40007906CC /* lib */ = {
			isa = PBXGroup;
			children = (
				EC048FF22B256B40007906CC /* pkgconfig */,
				EC048FF52B256B40007906CC /* libz.a */,
				EC048FF62B256B40007906CC /* libcurl.a */,
				EC048FF72B256B40007906CC /* libcpr.a */,
			);
			path = lib;
			sourceTree = "<group>";
		};
		EC048FF22B256B40007906CC /* pkgconfig */ = {
			isa = PBXGroup;
			children = (
				EC048FF32B256B40007906CC /* libcurl.pc */,
				EC048FF42B256B40007906CC /* zlib.pc */,
			);
			path = pkgconfig;
			sourceTree = "<group>";
		};
		EC048FF82B256B40007906CC /* debug */ = {
			isa = PBXGroup;
			children = (
				EC048FF92B256B40007906CC /* lib */,
			);
			path = debug;
			sourceTree = "<group>";
		};
		EC048FF92B256B40007906CC /* lib */ = {
			isa = PBXGroup;
			children = (
				EC048FFA2B256B40007906CC /* pkgconfig */,
				EC048FFD2B256B40007906CC /* libz.a */,
				EC048FFE2B256B40007906CC /* libcurl-d.a */,
				EC048FFF2B256B40007906CC /* libcpr.a */,
			);
			path = lib;
			sourceTree = "<group>";
		};
		EC048FFA2B256B40007906CC /* pkgconfig */ = {
			isa = PBXGroup;
			children = (
				EC048FFB2B256B40007906CC /* libcurl.pc */,
				EC048FFC2B256B40007906CC /* zlib.pc */,
			);
			path = pkgconfig;
			sourceTree = "<group>";
		};
		EC0490002B256B40007906CC /* share */ = {
			isa = PBXGroup;
			children = (
				EC0490012B256B40007906CC /* cpr */,
				EC04900A2B256B40007906CC /* vcpkg-cmake-config */,
				EC0490102B256B40007906CC /* vcpkg-cmake */,
				EC0490182B256B40007906CC /* zlib */,
				EC04901E2B256B40007906CC /* curl */,
			);
			path = share;
			sourceTree = "<group>";
		};
		EC0490012B256B40007906CC /* cpr */ = {
			isa = PBXGroup;
			children = (
				EC0490022B256B40007906CC /* cprTargets.cmake */,
				EC0490032B256B40007906CC /* vcpkg.spdx.json */,
				EC0490042B256B40007906CC /* cprTargets-release.cmake */,
				EC0490052B256B40007906CC /* cprConfigVersion.cmake */,
				EC0490062B256B40007906CC /* cprConfig.cmake */,
				EC0490072B256B40007906CC /* vcpkg_abi_info.txt */,
				EC0490082B256B40007906CC /* copyright */,
				EC0490092B256B40007906CC /* cprTargets-debug.cmake */,
			);
			path = cpr;
			sourceTree = "<group>";
		};
		EC04900A2B256B40007906CC /* vcpkg-cmake-config */ = {
			isa = PBXGroup;
			children = (
				EC04900B2B256B40007906CC /* vcpkg.spdx.json */,
				EC04900C2B256B40007906CC /* vcpkg_abi_info.txt */,
				EC04900D2B256B40007906CC /* copyright */,
				EC04900E2B256B40007906CC /* vcpkg_cmake_config_fixup.cmake */,
				EC04900F2B256B40007906CC /* vcpkg-port-config.cmake */,
			);
			path = "vcpkg-cmake-config";
			sourceTree = "<group>";
		};
		EC0490102B256B40007906CC /* vcpkg-cmake */ = {
			isa = PBXGroup;
			children = (
				EC0490112B256B40007906CC /* vcpkg_cmake_install.cmake */,
				EC0490122B256B40007906CC /* vcpkg.spdx.json */,
				EC0490132B256B40007906CC /* vcpkg_cmake_build.cmake */,
				EC0490142B256B40007906CC /* vcpkg_abi_info.txt */,
				EC0490152B256B40007906CC /* vcpkg_cmake_configure.cmake */,
				EC0490162B256B40007906CC /* copyright */,
				EC0490172B256B40007906CC /* vcpkg-port-config.cmake */,
			);
			path = "vcpkg-cmake";
			sourceTree = "<group>";
		};
		EC0490182B256B40007906CC /* zlib */ = {
			isa = PBXGroup;
			children = (
				EC0490192B256B40007906CC /* vcpkg.spdx.json */,
				EC04901A2B256B40007906CC /* usage */,
				EC04901B2B256B40007906CC /* vcpkg_abi_info.txt */,
				EC04901C2B256B40007906CC /* copyright */,
				EC04901D2B256B40007906CC /* vcpkg-cmake-wrapper.cmake */,
			);
			path = zlib;
			sourceTree = "<group>";
		};
		EC04901E2B256B40007906CC /* curl */ = {
			isa = PBXGroup;
			children = (
				EC04901F2B256B40007906CC /* CURLTargets-release.cmake */,
				EC0490202B256B40007906CC /* CURLConfig.cmake */,
				EC0490212B256B40007906CC /* vcpkg.spdx.json */,
				EC0490222B256B40007906CC /* CURLTargets-debug.cmake */,
				EC0490232B256B40007906CC /* usage */,
				EC0490242B256B40007906CC /* vcpkg_abi_info.txt */,
				EC0490252B256B40007906CC /* CURLConfigVersion.cmake */,
				EC0490262B256B40007906CC /* CURLTargets.cmake */,
				EC0490272B256B40007906CC /* CURLConfigComponents.cmake */,
				EC0490282B256B40007906CC /* copyright */,
				EC0490292B256B40007906CC /* vcpkg-cmake-wrapper.cmake */,
			);
			path = curl;
			sourceTree = "<group>";
		};
		EC04902A2B256B40007906CC /* vcpkg */ = {
			isa = PBXGroup;
			children = (
				EC04902B2B256B40007906CC /* updates */,
				EC04903E2B256B40007906CC /* info */,
			);
			path = vcpkg;
			sourceTree = "<group>";
		};
		EC04902B2B256B40007906CC /* updates */ = {
			isa = PBXGroup;
			children = (
				EC04902C2B256B40007906CC /* 0000000008 */,
				EC04902D2B256B40007906CC /* 0000000001 */,
				EC04902E2B256B40007906CC /* 0000000006 */,
				EC04902F2B256B40007906CC /* 0000000007 */,
				EC0490302B256B40007906CC /* 0000000000 */,
				EC0490312B256B40007906CC /* 0000000009 */,
				EC0490322B256B40007906CC /* 0000000013 */,
				EC0490332B256B40007906CC /* 0000000014 */,
				EC0490342B256B40007906CC /* 0000000015 */,
				EC0490352B256B40007906CC /* 0000000012 */,
				EC0490362B256B40007906CC /* 0000000005 */,
				EC0490372B256B40007906CC /* 0000000002 */,
				EC0490382B256B40007906CC /* 0000000003 */,
				EC0490392B256B40007906CC /* 0000000004 */,
				EC04903A2B256B40007906CC /* 0000000017 */,
				EC04903B2B256B40007906CC /* 0000000010 */,
				EC04903C2B256B40007906CC /* 0000000011 */,
				EC04903D2B256B40007906CC /* 0000000016 */,
			);
			path = updates;
			sourceTree = "<group>";
		};
		EC04903E2B256B40007906CC /* info */ = {
			isa = PBXGroup;
			children = (
				EC04903F2B256B40007906CC /* zlib_1.3_arm64-osx.list */,
				EC0490402B256B40007906CC /* curl_8.4.0_arm64-osx.list */,
				EC0490412B256B40007906CC /* vcpkg-cmake_2023-05-04_arm64-osx.list */,
				EC0490422B256B40007906CC /* vcpkg-cmake-config_2022-02-06_arm64-osx.list */,
				EC0490432B256B40007906CC /* cpr_1.10.5_arm64-osx.list */,
			);
			path = info;
			sourceTree = "<group>";
		};
		EC39A9422B028E0400DDFFE1 = {
			isa = PBXGroup;
			children = (
				ECE9C1472B2A0FC80015C1E4 /* the-scales-driver */,
				EC048FA42B2567B1007906CC /* .gitignore */,
				EC39A94C2B028E0400DDFFE1 /* Products */,
				EC5DD7332B183286004D19FE /* Frameworks */,
			);
			sourceTree = "<group>";
		};
		EC39A94C2B028E0400DDFFE1 /* Products */ = {
			isa = PBXGroup;
			children = (
				EC39A94B2B028E0400DDFFE1 /* the-scales-driver-DEV */,
				EC04905A2B256B9C007906CC /* the-scales-driver-DEBUG-DEV */,
			);
			name = Products;
			sourceTree = "<group>";
		};
		EC5DD7332B183286004D19FE /* Frameworks */ = {
			isa = PBXGroup;
			children = (
				EC048FA52B256B40007906CC /* vcpkg_installed */,
				EC5DD7542B183B5E004D19FE /* Security.framework */,
				EC5DD7522B183ACB004D19FE /* SystemConfiguration.framework */,
				EC5DD7502B183A8D004D19FE /* CoreFoundation.framework */,
			);
			name = Frameworks;
			sourceTree = "<group>";
		};
		ECE9C1472B2A0FC80015C1E4 /* the-scales-driver */ = {
			isa = PBXGroup;
			children = (
				ECE9C1482B2A0FC80015C1E4 /* includes */,
				ECE9C14B2B2A0FC80015C1E4 /* vcpkg_installed */,
				ECE9C1EA2B2A0FC80015C1E4 /* vcpkg.json */,
				ECE9C1EB2B2A0FC80015C1E4 /* main.cpp */,
				ECE9C1EC2B2A0FC80015C1E4 /* src */,
			);
			path = "the-scales-driver";
			sourceTree = "<group>";
		};
		ECE9C1482B2A0FC80015C1E4 /* includes */ = {
			isa = PBXGroup;
			children = (
				ECE9C1492B2A0FC80015C1E4 /* api-service.h */,
				ECE9C14A2B2A0FC80015C1E4 /* string-formatter.h */,
			);
			path = includes;
			sourceTree = "<group>";
		};
		ECE9C14B2B2A0FC80015C1E4 /* vcpkg_installed */ = {
			isa = PBXGroup;
			children = (
				ECE9C14C2B2A0FC80015C1E4 /* arm64-osx */,
				ECE9C1D02B2A0FC80015C1E4 /* vcpkg */,
			);
			path = vcpkg_installed;
			sourceTree = "<group>";
		};
		ECE9C14C2B2A0FC80015C1E4 /* arm64-osx */ = {
			isa = PBXGroup;
			children = (
				ECE9C14D2B2A0FC80015C1E4 /* tools */,
				ECE9C1542B2A0FC80015C1E4 /* include */,
				ECE9C1972B2A0FC80015C1E4 /* lib */,
				ECE9C19E2B2A0FC80015C1E4 /* debug */,
				ECE9C1A62B2A0FC80015C1E4 /* share */,
			);
			path = "arm64-osx";
			sourceTree = "<group>";
		};
		ECE9C14D2B2A0FC80015C1E4 /* tools */ = {
			isa = PBXGroup;
			children = (
				ECE9C14E2B2A0FC80015C1E4 /* curl */,
			);
			path = tools;
			sourceTree = "<group>";
		};
		ECE9C14E2B2A0FC80015C1E4 /* curl */ = {
			isa = PBXGroup;
			children = (
				ECE9C14F2B2A0FC80015C1E4 /* bin */,
				ECE9C1512B2A0FC80015C1E4 /* debug */,
			);
			path = curl;
			sourceTree = "<group>";
		};
		ECE9C14F2B2A0FC80015C1E4 /* bin */ = {
			isa = PBXGroup;
			children = (
				ECE9C1502B2A0FC80015C1E4 /* curl-config */,
			);
			path = bin;
			sourceTree = "<group>";
		};
		ECE9C1512B2A0FC80015C1E4 /* debug */ = {
			isa = PBXGroup;
			children = (
				ECE9C1522B2A0FC80015C1E4 /* bin */,
			);
			path = debug;
			sourceTree = "<group>";
		};
		ECE9C1522B2A0FC80015C1E4 /* bin */ = {
			isa = PBXGroup;
			children = (
				ECE9C1532B2A0FC80015C1E4 /* curl-config */,
			);
			path = bin;
			sourceTree = "<group>";
		};
		ECE9C1542B2A0FC80015C1E4 /* include */ = {
			isa = PBXGroup;
			children = (
				ECE9C1552B2A0FC80015C1E4 /* cpr */,
				ECE9C1882B2A0FC80015C1E4 /* curl */,
				ECE9C1952B2A0FC80015C1E4 /* zlib.h */,
				ECE9C1962B2A0FC80015C1E4 /* zconf.h */,
			);
			path = include;
			sourceTree = "<group>";
		};
		ECE9C1552B2A0FC80015C1E4 /* cpr */ = {
			isa = PBXGroup;
			children = (
				ECE9C1562B2A0FC80015C1E4 /* filesystem.h */,
				ECE9C1572B2A0FC80015C1E4 /* error.h */,
				ECE9C1582B2A0FC80015C1E4 /* local_port_range.h */,
				ECE9C1592B2A0FC80015C1E4 /* range.h */,
				ECE9C15A2B2A0FC80015C1E4 /* response.h */,
				ECE9C15B2B2A0FC80015C1E4 /* cert_info.h */,
				ECE9C15C2B2A0FC80015C1E4 /* cprtypes.h */,
				ECE9C15D2B2A0FC80015C1E4 /* interceptor.h */,
				ECE9C15E2B2A0FC80015C1E4 /* connect_timeout.h */,
				ECE9C15F2B2A0FC80015C1E4 /* threadpool.h */,
				ECE9C1602B2A0FC80015C1E4 /* status_codes.h */,
				ECE9C1612B2A0FC80015C1E4 /* singleton.h */,
				ECE9C1622B2A0FC80015C1E4 /* redirect.h */,
				ECE9C1632B2A0FC80015C1E4 /* local_port.h */,
				ECE9C1642B2A0FC80015C1E4 /* http_version.h */,
				ECE9C1652B2A0FC80015C1E4 /* body.h */,
				ECE9C1662B2A0FC80015C1E4 /* curlmultiholder.h */,
				ECE9C1672B2A0FC80015C1E4 /* verbose.h */,
				ECE9C1682B2A0FC80015C1E4 /* payload.h */,
				ECE9C1692B2A0FC80015C1E4 /* multiperform.h */,
				ECE9C16A2B2A0FC80015C1E4 /* file.h */,
				ECE9C16B2B2A0FC80015C1E4 /* ssl_options.h */,
				ECE9C16C2B2A0FC80015C1E4 /* cprver.h */,
				ECE9C16D2B2A0FC80015C1E4 /* limit_rate.h */,
				ECE9C16E2B2A0FC80015C1E4 /* ssl_ctx.h */,
				ECE9C16F2B2A0FC80015C1E4 /* bearer.h */,
				ECE9C1702B2A0FC80015C1E4 /* interface.h */,
				ECE9C1712B2A0FC80015C1E4 /* api.h */,
				ECE9C1722B2A0FC80015C1E4 /* async.h */,
				ECE9C1732B2A0FC80015C1E4 /* buffer.h */,
				ECE9C1742B2A0FC80015C1E4 /* session.h */,
				ECE9C1752B2A0FC80015C1E4 /* parameters.h */,
				ECE9C1762B2A0FC80015C1E4 /* curl_container.h */,
				ECE9C1772B2A0FC80015C1E4 /* util.h */,
				ECE9C1782B2A0FC80015C1E4 /* curlholder.h */,
				ECE9C1792B2A0FC80015C1E4 /* auth.h */,
				ECE9C17A2B2A0FC80015C1E4 /* proxies.h */,
				ECE9C17B2B2A0FC80015C1E4 /* cookies.h */,
				ECE9C17C2B2A0FC80015C1E4 /* resolve.h */,
				ECE9C17D2B2A0FC80015C1E4 /* reserve_size.h */,
				ECE9C17E2B2A0FC80015C1E4 /* multipart.h */,
				ECE9C17F2B2A0FC80015C1E4 /* timeout.h */,
				ECE9C1802B2A0FC80015C1E4 /* callback.h */,
				ECE9C1812B2A0FC80015C1E4 /* low_speed.h */,
				ECE9C1822B2A0FC80015C1E4 /* proxyauth.h */,
				ECE9C1832B2A0FC80015C1E4 /* accept_encoding.h */,
				ECE9C1842B2A0FC80015C1E4 /* async_wrapper.h */,
				ECE9C1852B2A0FC80015C1E4 /* unix_socket.h */,
				ECE9C1862B2A0FC80015C1E4 /* user_agent.h */,
				ECE9C1872B2A0FC80015C1E4 /* cpr.h */,
			);
			path = cpr;
			sourceTree = "<group>";
		};
		ECE9C1882B2A0FC80015C1E4 /* curl */ = {
			isa = PBXGroup;
			children = (
				ECE9C1892B2A0FC80015C1E4 /* stdcheaders.h */,
				ECE9C18A2B2A0FC80015C1E4 /* header.h */,
				ECE9C18B2B2A0FC80015C1E4 /* options.h */,
				ECE9C18C2B2A0FC80015C1E4 /* mprintf.h */,
				ECE9C18D2B2A0FC80015C1E4 /* easy.h */,
				ECE9C18E2B2A0FC80015C1E4 /* curl.h */,
				ECE9C18F2B2A0FC80015C1E4 /* websockets.h */,
				ECE9C1902B2A0FC80015C1E4 /* curlver.h */,
				ECE9C1912B2A0FC80015C1E4 /* system.h */,
				ECE9C1922B2A0FC80015C1E4 /* typecheck-gcc.h */,
				ECE9C1932B2A0FC80015C1E4 /* multi.h */,
				ECE9C1942B2A0FC80015C1E4 /* urlapi.h */,
			);
			path = curl;
			sourceTree = "<group>";
		};
		ECE9C1972B2A0FC80015C1E4 /* lib */ = {
			isa = PBXGroup;
			children = (
				ECE9C1982B2A0FC80015C1E4 /* pkgconfig */,
				ECE9C19B2B2A0FC80015C1E4 /* libz.a */,
				ECE9C19C2B2A0FC80015C1E4 /* libcurl.a */,
				ECE9C19D2B2A0FC80015C1E4 /* libcpr.a */,
			);
			path = lib;
			sourceTree = "<group>";
		};
		ECE9C1982B2A0FC80015C1E4 /* pkgconfig */ = {
			isa = PBXGroup;
			children = (
				ECE9C1992B2A0FC80015C1E4 /* libcurl.pc */,
				ECE9C19A2B2A0FC80015C1E4 /* zlib.pc */,
			);
			path = pkgconfig;
			sourceTree = "<group>";
		};
		ECE9C19E2B2A0FC80015C1E4 /* debug */ = {
			isa = PBXGroup;
			children = (
				ECE9C19F2B2A0FC80015C1E4 /* lib */,
			);
			path = debug;
			sourceTree = "<group>";
		};
		ECE9C19F2B2A0FC80015C1E4 /* lib */ = {
			isa = PBXGroup;
			children = (
				ECE9C1A02B2A0FC80015C1E4 /* pkgconfig */,
				ECE9C1A32B2A0FC80015C1E4 /* libz.a */,
				ECE9C1A42B2A0FC80015C1E4 /* libcurl-d.a */,
				ECE9C1A52B2A0FC80015C1E4 /* libcpr.a */,
			);
			path = lib;
			sourceTree = "<group>";
		};
		ECE9C1A02B2A0FC80015C1E4 /* pkgconfig */ = {
			isa = PBXGroup;
			children = (
				ECE9C1A12B2A0FC80015C1E4 /* libcurl.pc */,
				ECE9C1A22B2A0FC80015C1E4 /* zlib.pc */,
			);
			path = pkgconfig;
			sourceTree = "<group>";
		};
		ECE9C1A62B2A0FC80015C1E4 /* share */ = {
			isa = PBXGroup;
			children = (
				ECE9C1A72B2A0FC80015C1E4 /* cpr */,
				ECE9C1B02B2A0FC80015C1E4 /* vcpkg-cmake-config */,
				ECE9C1B62B2A0FC80015C1E4 /* vcpkg-cmake */,
				ECE9C1BE2B2A0FC80015C1E4 /* zlib */,
				ECE9C1C42B2A0FC80015C1E4 /* curl */,
			);
			path = share;
			sourceTree = "<group>";
		};
		ECE9C1A72B2A0FC80015C1E4 /* cpr */ = {
			isa = PBXGroup;
			children = (
				ECE9C1A82B2A0FC80015C1E4 /* cprTargets.cmake */,
				ECE9C1A92B2A0FC80015C1E4 /* vcpkg.spdx.json */,
				ECE9C1AA2B2A0FC80015C1E4 /* cprTargets-release.cmake */,
				ECE9C1AB2B2A0FC80015C1E4 /* cprConfigVersion.cmake */,
				ECE9C1AC2B2A0FC80015C1E4 /* cprConfig.cmake */,
				ECE9C1AD2B2A0FC80015C1E4 /* vcpkg_abi_info.txt */,
				ECE9C1AE2B2A0FC80015C1E4 /* copyright */,
				ECE9C1AF2B2A0FC80015C1E4 /* cprTargets-debug.cmake */,
			);
			path = cpr;
			sourceTree = "<group>";
		};
		ECE9C1B02B2A0FC80015C1E4 /* vcpkg-cmake-config */ = {
			isa = PBXGroup;
			children = (
				ECE9C1B12B2A0FC80015C1E4 /* vcpkg.spdx.json */,
				ECE9C1B22B2A0FC80015C1E4 /* vcpkg_abi_info.txt */,
				ECE9C1B32B2A0FC80015C1E4 /* copyright */,
				ECE9C1B42B2A0FC80015C1E4 /* vcpkg_cmake_config_fixup.cmake */,
				ECE9C1B52B2A0FC80015C1E4 /* vcpkg-port-config.cmake */,
			);
			path = "vcpkg-cmake-config";
			sourceTree = "<group>";
		};
		ECE9C1B62B2A0FC80015C1E4 /* vcpkg-cmake */ = {
			isa = PBXGroup;
			children = (
				ECE9C1B72B2A0FC80015C1E4 /* vcpkg_cmake_install.cmake */,
				ECE9C1B82B2A0FC80015C1E4 /* vcpkg.spdx.json */,
				ECE9C1B92B2A0FC80015C1E4 /* vcpkg_cmake_build.cmake */,
				ECE9C1BA2B2A0FC80015C1E4 /* vcpkg_abi_info.txt */,
				ECE9C1BB2B2A0FC80015C1E4 /* vcpkg_cmake_configure.cmake */,
				ECE9C1BC2B2A0FC80015C1E4 /* copyright */,
				ECE9C1BD2B2A0FC80015C1E4 /* vcpkg-port-config.cmake */,
			);
			path = "vcpkg-cmake";
			sourceTree = "<group>";
		};
		ECE9C1BE2B2A0FC80015C1E4 /* zlib */ = {
			isa = PBXGroup;
			children = (
				ECE9C1BF2B2A0FC80015C1E4 /* vcpkg.spdx.json */,
				ECE9C1C02B2A0FC80015C1E4 /* usage */,
				ECE9C1C12B2A0FC80015C1E4 /* vcpkg_abi_info.txt */,
				ECE9C1C22B2A0FC80015C1E4 /* copyright */,
				ECE9C1C32B2A0FC80015C1E4 /* vcpkg-cmake-wrapper.cmake */,
			);
			path = zlib;
			sourceTree = "<group>";
		};
		ECE9C1C42B2A0FC80015C1E4 /* curl */ = {
			isa = PBXGroup;
			children = (
				ECE9C1C52B2A0FC80015C1E4 /* CURLTargets-release.cmake */,
				ECE9C1C62B2A0FC80015C1E4 /* CURLConfig.cmake */,
				ECE9C1C72B2A0FC80015C1E4 /* vcpkg.spdx.json */,
				ECE9C1C82B2A0FC80015C1E4 /* CURLTargets-debug.cmake */,
				ECE9C1C92B2A0FC80015C1E4 /* usage */,
				ECE9C1CA2B2A0FC80015C1E4 /* vcpkg_abi_info.txt */,
				ECE9C1CB2B2A0FC80015C1E4 /* CURLConfigVersion.cmake */,
				ECE9C1CC2B2A0FC80015C1E4 /* CURLTargets.cmake */,
				ECE9C1CD2B2A0FC80015C1E4 /* CURLConfigComponents.cmake */,
				ECE9C1CE2B2A0FC80015C1E4 /* copyright */,
				ECE9C1CF2B2A0FC80015C1E4 /* vcpkg-cmake-wrapper.cmake */,
			);
			path = curl;
			sourceTree = "<group>";
		};
		ECE9C1D02B2A0FC80015C1E4 /* vcpkg */ = {
			isa = PBXGroup;
			children = (
				ECE9C1D12B2A0FC80015C1E4 /* updates */,
				ECE9C1E42B2A0FC80015C1E4 /* info */,
			);
			path = vcpkg;
			sourceTree = "<group>";
		};
		ECE9C1D12B2A0FC80015C1E4 /* updates */ = {
			isa = PBXGroup;
			children = (
				ECE9C1D22B2A0FC80015C1E4 /* 0000000008 */,
				ECE9C1D32B2A0FC80015C1E4 /* 0000000001 */,
				ECE9C1D42B2A0FC80015C1E4 /* 0000000006 */,
				ECE9C1D52B2A0FC80015C1E4 /* 0000000007 */,
				ECE9C1D62B2A0FC80015C1E4 /* 0000000000 */,
				ECE9C1D72B2A0FC80015C1E4 /* 0000000009 */,
				ECE9C1D82B2A0FC80015C1E4 /* 0000000013 */,
				ECE9C1D92B2A0FC80015C1E4 /* 0000000014 */,
				ECE9C1DA2B2A0FC80015C1E4 /* 0000000015 */,
				ECE9C1DB2B2A0FC80015C1E4 /* 0000000012 */,
				ECE9C1DC2B2A0FC80015C1E4 /* 0000000005 */,
				ECE9C1DD2B2A0FC80015C1E4 /* 0000000002 */,
				ECE9C1DE2B2A0FC80015C1E4 /* 0000000003 */,
				ECE9C1DF2B2A0FC80015C1E4 /* 0000000004 */,
				ECE9C1E02B2A0FC80015C1E4 /* 0000000017 */,
				ECE9C1E12B2A0FC80015C1E4 /* 0000000010 */,
				ECE9C1E22B2A0FC80015C1E4 /* 0000000011 */,
				ECE9C1E32B2A0FC80015C1E4 /* 0000000016 */,
			);
			path = updates;
			sourceTree = "<group>";
		};
		ECE9C1E42B2A0FC80015C1E4 /* info */ = {
			isa = PBXGroup;
			children = (
				ECE9C1E52B2A0FC80015C1E4 /* zlib_1.3_arm64-osx.list */,
				ECE9C1E62B2A0FC80015C1E4 /* curl_8.4.0_arm64-osx.list */,
				ECE9C1E72B2A0FC80015C1E4 /* vcpkg-cmake_2023-05-04_arm64-osx.list */,
				ECE9C1E82B2A0FC80015C1E4 /* vcpkg-cmake-config_2022-02-06_arm64-osx.list */,
				ECE9C1E92B2A0FC80015C1E4 /* cpr_1.10.5_arm64-osx.list */,
			);
			path = info;
			sourceTree = "<group>";
		};
		ECE9C1EC2B2A0FC80015C1E4 /* src */ = {
			isa = PBXGroup;
			children = (
				ECE9C1ED2B2A0FC80015C1E4 /* utils */,
			);
			path = src;
			sourceTree = "<group>";
		};
		ECE9C1ED2B2A0FC80015C1E4 /* utils */ = {
			isa = PBXGroup;
			children = (
				ECE9C1EE2B2A0FC80015C1E4 /* string-formatter.cpp */,
				ECE9C1EF2B2A0FC80015C1E4 /* api-service.cpp */,
			);
			path = utils;
			sourceTree = "<group>";
		};
/* End PBXGroup section */

/* Begin PBXNativeTarget section */
		EC04904A2B256B9C007906CC /* the-scales-driver-DEBUG */ = {
			isa = PBXNativeTarget;
			buildConfigurationList = EC0490572B256B9C007906CC /* Build configuration list for PBXNativeTarget "the-scales-driver-DEBUG" */;
			buildPhases = (
				EC04904B2B256B9C007906CC /* Sources */,
				EC04904F2B256B9C007906CC /* Frameworks */,
				EC0490562B256B9C007906CC /* CopyFiles */,
			);
			buildRules = (
			);
			dependencies = (
			);
			name = "the-scales-driver-DEBUG";
			productName = HelloAgainC;
			productReference = EC04905A2B256B9C007906CC /* the-scales-driver-DEBUG-DEV */;
			productType = "com.apple.product-type.tool";
		};
		EC39A94A2B028E0400DDFFE1 /* the-scales-driver */ = {
			isa = PBXNativeTarget;
			buildConfigurationList = EC39A9522B028E0400DDFFE1 /* Build configuration list for PBXNativeTarget "the-scales-driver" */;
			buildPhases = (
				EC39A9472B028E0400DDFFE1 /* Sources */,
				EC39A9482B028E0400DDFFE1 /* Frameworks */,
				EC39A9492B028E0400DDFFE1 /* CopyFiles */,
			);
			buildRules = (
			);
			dependencies = (
			);
			name = "the-scales-driver";
			productName = HelloAgainC;
			productReference = EC39A94B2B028E0400DDFFE1 /* the-scales-driver-DEV */;
			productType = "com.apple.product-type.tool";
		};
/* End PBXNativeTarget section */

/* Begin PBXProject section */
		EC39A9432B028E0400DDFFE1 /* Project object */ = {
			isa = PBXProject;
			attributes = {
				BuildIndependentTargetsInParallel = YES;
				LastUpgradeCheck = 1500;
				TargetAttributes = {
					EC39A94A2B028E0400DDFFE1 = {
						CreatedOnToolsVersion = 15.0.1;
					};
				};
			};
			buildConfigurationList = EC39A9462B028E0400DDFFE1 /* Build configuration list for PBXProject "the-scales-driver" */;
			compatibilityVersion = "Xcode 14.0";
			developmentRegion = en;
			hasScannedForEncodings = 0;
			knownRegions = (
				en,
				Base,
			);
			mainGroup = EC39A9422B028E0400DDFFE1;
			productRefGroup = EC39A94C2B028E0400DDFFE1 /* Products */;
			projectDirPath = "";
			projectRoot = "";
			targets = (
				EC39A94A2B028E0400DDFFE1 /* the-scales-driver */,
				EC04904A2B256B9C007906CC /* the-scales-driver-DEBUG */,
			);
		};
/* End PBXProject section */

/* Begin PBXSourcesBuildPhase section */
		EC04904B2B256B9C007906CC /* Sources */ = {
			isa = PBXSourcesBuildPhase;
			buildActionMask = 2147483647;
			files = (
				ECE9C1F82B2A150C0015C1E4 /* api-service.h in Sources */,
				ECE9C1F92B2A150C0015C1E4 /* string-formatter.h in Sources */,
				ECE9C1F02B2A14E80015C1E4 /* main.cpp in Sources */,
				ECE9C1F12B2A14E80015C1E4 /* string-formatter.cpp in Sources */,
				ECE9C1F22B2A14E80015C1E4 /* api-service.cpp in Sources */,
			);
			runOnlyForDeploymentPostprocessing = 0;
		};
		EC39A9472B028E0400DDFFE1 /* Sources */ = {
			isa = PBXSourcesBuildPhase;
			buildActionMask = 2147483647;
			files = (
				ECE9C1F62B2A15030015C1E4 /* api-service.h in Sources */,
				ECE9C1F72B2A15030015C1E4 /* string-formatter.h in Sources */,
				ECE9C1F32B2A14F40015C1E4 /* main.cpp in Sources */,
				ECE9C1F42B2A14F40015C1E4 /* string-formatter.cpp in Sources */,
				ECE9C1F52B2A14F40015C1E4 /* api-service.cpp in Sources */,
			);
			runOnlyForDeploymentPostprocessing = 0;
		};
/* End PBXSourcesBuildPhase section */

/* Begin XCBuildConfiguration section */
		EC0490582B256B9C007906CC /* Debug */ = {
			isa = XCBuildConfiguration;
			buildSettings = {
				CODE_SIGN_STYLE = Automatic;
				"HEADER_SEARCH_PATHS[arch=*]" = "$PROJECT_DIR/the-scales-driver/vcpkg_installed/arm64-osx/include";
				LIBRARY_SEARCH_PATHS = "$(PROJECT_DIR)/the-scales-driver/vcpkg_installed/arm64-osx/debug/lib";
				"LIBRARY_SEARCH_PATHS[arch=*]" = "$PROJECT_DIR/the-scales-driver/vcpkg_installed/arm64-osx/debug/lib";
				PRODUCT_NAME = "$(TARGET_NAME)-DEV";
			};
			name = Debug;
		};
		EC0490592B256B9C007906CC /* Release */ = {
			isa = XCBuildConfiguration;
			buildSettings = {
				CODE_SIGN_STYLE = Automatic;
				"HEADER_SEARCH_PATHS[arch=*]" = "$PROJECT_DIR/the-scales-driver/vcpkg_installed/arm64-osx/include";
				LIBRARY_SEARCH_PATHS = "$(PROJECT_DIR)/the-scales-driver/vcpkg_installed/arm64-osx/lib";
				"LIBRARY_SEARCH_PATHS[arch=*]" = "$PROJECT_DIR/the-scales-driver/vcpkg_installed/arm64-osx/lib";
				PRODUCT_NAME = "$(TARGET_NAME)";
			};
			name = Release;
		};
		EC39A9502B028E0400DDFFE1 /* Debug */ = {
			isa = XCBuildConfiguration;
			buildSettings = {
				ALWAYS_SEARCH_USER_PATHS = NO;
				ASSETCATALOG_COMPILER_GENERATE_SWIFT_ASSET_SYMBOL_EXTENSIONS = YES;
				CLANG_ANALYZER_NONNULL = YES;
				CLANG_ANALYZER_NUMBER_OBJECT_CONVERSION = YES_AGGRESSIVE;
				CLANG_CXX_LANGUAGE_STANDARD = "gnu++20";
				CLANG_ENABLE_MODULES = YES;
				CLANG_ENABLE_OBJC_ARC = YES;
				CLANG_ENABLE_OBJC_WEAK = YES;
				CLANG_WARN_BLOCK_CAPTURE_AUTORELEASING = YES;
				CLANG_WARN_BOOL_CONVERSION = YES;
				CLANG_WARN_COMMA = YES;
				CLANG_WARN_CONSTANT_CONVERSION = YES;
				CLANG_WARN_DEPRECATED_OBJC_IMPLEMENTATIONS = YES;
				CLANG_WARN_DIRECT_OBJC_ISA_USAGE = YES_ERROR;
				CLANG_WARN_DOCUMENTATION_COMMENTS = YES;
				CLANG_WARN_EMPTY_BODY = YES;
				CLANG_WARN_ENUM_CONVERSION = YES;
				CLANG_WARN_INFINITE_RECURSION = YES;
				CLANG_WARN_INT_CONVERSION = YES;
				CLANG_WARN_NON_LITERAL_NULL_CONVERSION = YES;
				CLANG_WARN_OBJC_IMPLICIT_RETAIN_SELF = YES;
				CLANG_WARN_OBJC_LITERAL_CONVERSION = YES;
				CLANG_WARN_OBJC_ROOT_CLASS = YES_ERROR;
				CLANG_WARN_QUOTED_INCLUDE_IN_FRAMEWORK_HEADER = YES;
				CLANG_WARN_RANGE_LOOP_ANALYSIS = YES;
				CLANG_WARN_STRICT_PROTOTYPES = YES;
				CLANG_WARN_SUSPICIOUS_MOVE = YES;
				CLANG_WARN_UNGUARDED_AVAILABILITY = YES_AGGRESSIVE;
				CLANG_WARN_UNREACHABLE_CODE = YES;
				CLANG_WARN__DUPLICATE_METHOD_MATCH = YES;
				COPY_PHASE_STRIP = NO;
				DEBUG_INFORMATION_FORMAT = dwarf;
				ENABLE_STRICT_OBJC_MSGSEND = YES;
				ENABLE_TESTABILITY = YES;
				ENABLE_USER_SCRIPT_SANDBOXING = YES;
				GCC_C_LANGUAGE_STANDARD = gnu17;
				GCC_DYNAMIC_NO_PIC = NO;
				GCC_NO_COMMON_BLOCKS = YES;
				GCC_OPTIMIZATION_LEVEL = 0;
				GCC_PREPROCESSOR_DEFINITIONS = (
					"DEBUG=1",
					"$(inherited)",
				);
				GCC_WARN_64_TO_32_BIT_CONVERSION = YES;
				GCC_WARN_ABOUT_RETURN_TYPE = YES_ERROR;
				GCC_WARN_UNDECLARED_SELECTOR = YES;
				GCC_WARN_UNINITIALIZED_AUTOS = YES_AGGRESSIVE;
				GCC_WARN_UNUSED_FUNCTION = YES;
				GCC_WARN_UNUSED_VARIABLE = YES;
				HEADER_SEARCH_PATHS = "";
				LIBRARY_SEARCH_PATHS = "";
				LOCALIZATION_PREFERS_STRING_CATALOGS = YES;
				MACOSX_DEPLOYMENT_TARGET = 13.6;
				MTL_ENABLE_DEBUG_INFO = INCLUDE_SOURCE;
				MTL_FAST_MATH = YES;
				ONLY_ACTIVE_ARCH = YES;
				SDKROOT = macosx;
			};
			name = Debug;
		};
		EC39A9512B028E0400DDFFE1 /* Release */ = {
			isa = XCBuildConfiguration;
			buildSettings = {
				ALWAYS_SEARCH_USER_PATHS = NO;
				ASSETCATALOG_COMPILER_GENERATE_SWIFT_ASSET_SYMBOL_EXTENSIONS = YES;
				CLANG_ANALYZER_NONNULL = YES;
				CLANG_ANALYZER_NUMBER_OBJECT_CONVERSION = YES_AGGRESSIVE;
				CLANG_CXX_LANGUAGE_STANDARD = "gnu++20";
				CLANG_ENABLE_MODULES = YES;
				CLANG_ENABLE_OBJC_ARC = YES;
				CLANG_ENABLE_OBJC_WEAK = YES;
				CLANG_WARN_BLOCK_CAPTURE_AUTORELEASING = YES;
				CLANG_WARN_BOOL_CONVERSION = YES;
				CLANG_WARN_COMMA = YES;
				CLANG_WARN_CONSTANT_CONVERSION = YES;
				CLANG_WARN_DEPRECATED_OBJC_IMPLEMENTATIONS = YES;
				CLANG_WARN_DIRECT_OBJC_ISA_USAGE = YES_ERROR;
				CLANG_WARN_DOCUMENTATION_COMMENTS = YES;
				CLANG_WARN_EMPTY_BODY = YES;
				CLANG_WARN_ENUM_CONVERSION = YES;
				CLANG_WARN_INFINITE_RECURSION = YES;
				CLANG_WARN_INT_CONVERSION = YES;
				CLANG_WARN_NON_LITERAL_NULL_CONVERSION = YES;
				CLANG_WARN_OBJC_IMPLICIT_RETAIN_SELF = YES;
				CLANG_WARN_OBJC_LITERAL_CONVERSION = YES;
				CLANG_WARN_OBJC_ROOT_CLASS = YES_ERROR;
				CLANG_WARN_QUOTED_INCLUDE_IN_FRAMEWORK_HEADER = YES;
				CLANG_WARN_RANGE_LOOP_ANALYSIS = YES;
				CLANG_WARN_STRICT_PROTOTYPES = YES;
				CLANG_WARN_SUSPICIOUS_MOVE = YES;
				CLANG_WARN_UNGUARDED_AVAILABILITY = YES_AGGRESSIVE;
				CLANG_WARN_UNREACHABLE_CODE = YES;
				CLANG_WARN__DUPLICATE_METHOD_MATCH = YES;
				COPY_PHASE_STRIP = NO;
				DEBUG_INFORMATION_FORMAT = "dwarf-with-dsym";
				ENABLE_NS_ASSERTIONS = NO;
				ENABLE_STRICT_OBJC_MSGSEND = YES;
				ENABLE_USER_SCRIPT_SANDBOXING = YES;
				GCC_C_LANGUAGE_STANDARD = gnu17;
				GCC_NO_COMMON_BLOCKS = YES;
				GCC_WARN_64_TO_32_BIT_CONVERSION = YES;
				GCC_WARN_ABOUT_RETURN_TYPE = YES_ERROR;
				GCC_WARN_UNDECLARED_SELECTOR = YES;
				GCC_WARN_UNINITIALIZED_AUTOS = YES_AGGRESSIVE;
				GCC_WARN_UNUSED_FUNCTION = YES;
				GCC_WARN_UNUSED_VARIABLE = YES;
				HEADER_SEARCH_PATHS = "";
				"HEADER_SEARCH_PATHS[arch=*]" = "";
				LIBRARY_SEARCH_PATHS = "";
				"LIBRARY_SEARCH_PATHS[arch=*]" = "";
				LOCALIZATION_PREFERS_STRING_CATALOGS = YES;
				MACOSX_DEPLOYMENT_TARGET = 13.6;
				MTL_ENABLE_DEBUG_INFO = NO;
				MTL_FAST_MATH = YES;
				SDKROOT = macosx;
			};
			name = Release;
		};
		EC39A9532B028E0400DDFFE1 /* Debug */ = {
			isa = XCBuildConfiguration;
			buildSettings = {
				CODE_SIGN_STYLE = Automatic;
				"HEADER_SEARCH_PATHS[arch=*]" = "$PROJECT_DIR/the-scales-driver/vcpkg_installed/arm64-osx/include";
				LIBRARY_SEARCH_PATHS = "$PROJECT_DIR/the-scales-driver/vcpkg_installed/arm64-osx/debug/lib";
				"LIBRARY_SEARCH_PATHS[arch=*]" = "$PROJECT_DIR/the-scales-driver/vcpkg_installed/arm64-osx/debug/lib";
				PRODUCT_NAME = "$(TARGET_NAME)-DEV";
			};
			name = Debug;
		};
		EC39A9542B028E0400DDFFE1 /* Release */ = {
			isa = XCBuildConfiguration;
			buildSettings = {
				CODE_SIGN_STYLE = Automatic;
				"HEADER_SEARCH_PATHS[arch=*]" = "$PROJECT_DIR/the-scales-driver/vcpkg_installed/arm64-osx/include";
				LIBRARY_SEARCH_PATHS = (
					"$(PROJECT_DIR)/the-scales-driver/vcpkg_installed/arm64-osx/lib",
					"$(PROJECT_DIR)/HelloAgainC/vcpkg_installed/arm64-osx/debug/lib",
				);
				"LIBRARY_SEARCH_PATHS[arch=*]" = "$PROJECT_DIR/the-scales-driver/vcpkg_installed/arm64-osx/lib";
				PRODUCT_NAME = "$(TARGET_NAME)";
			};
			name = Release;
		};
/* End XCBuildConfiguration section */

/* Begin XCConfigurationList section */
		EC0490572B256B9C007906CC /* Build configuration list for PBXNativeTarget "the-scales-driver-DEBUG" */ = {
			isa = XCConfigurationList;
			buildConfigurations = (
				EC0490582B256B9C007906CC /* Debug */,
				EC0490592B256B9C007906CC /* Release */,
			);
			defaultConfigurationIsVisible = 0;
			defaultConfigurationName = Release;
		};
		EC39A9462B028E0400DDFFE1 /* Build configuration list for PBXProject "the-scales-driver" */ = {
			isa = XCConfigurationList;
			buildConfigurations = (
				EC39A9502B028E0400DDFFE1 /* Debug */,
				EC39A9512B028E0400DDFFE1 /* Release */,
			);
			defaultConfigurationIsVisible = 0;
			defaultConfigurationName = Release;
		};
		EC39A9522B028E0400DDFFE1 /* Build configuration list for PBXNativeTarget "the-scales-driver" */ = {
			isa = XCConfigurationList;
			buildConfigurations = (
				EC39A9532B028E0400DDFFE1 /* Debug */,
				EC39A9542B028E0400DDFFE1 /* Release */,
			);
			defaultConfigurationIsVisible = 0;
			defaultConfigurationName = Release;
		};
/* End XCConfigurationList section */
	};
	rootObject = EC39A9432B028E0400DDFFE1 /* Project object */;
}
